// !$*UTF8*$!
{
	archiveVersion = 1;
	classes = {
	};
	objectVersion = 56;
	objects = {

/* Begin PBXBuildFile section */
		3D4412432AE388DB00FD5A51 /* UserManager.swift in Sources */ = {isa = PBXBuildFile; fileRef = 3D4412422AE388DB00FD5A51 /* UserManager.swift */; };
		3D4412492AE4C49700FD5A51 /* AuthenticationManager.swift in Sources */ = {isa = PBXBuildFile; fileRef = 3D4412482AE4C49700FD5A51 /* AuthenticationManager.swift */; };
		3D44125A2AE4F8B600FD5A51 /* WebView.swift in Sources */ = {isa = PBXBuildFile; fileRef = 3D4412592AE4F8B600FD5A51 /* WebView.swift */; };
		3D44126B2AE6246100FD5A51 /* Assets.xcassets in Resources */ = {isa = PBXBuildFile; fileRef = 3D44126A2AE6246100FD5A51 /* Assets.xcassets */; };
		3D4412782AE9F5E600FD5A51 /* ServiceWebURL.swift in Sources */ = {isa = PBXBuildFile; fileRef = 3D4412772AE9F5E600FD5A51 /* ServiceWebURL.swift */; };
		3D7A163A2B2840C600A107E3 /* ToastView.swift in Sources */ = {isa = PBXBuildFile; fileRef = 3D7A16392B2840C600A107E3 /* ToastView.swift */; };
		3D7A163C2B2841E200A107E3 /* MixpanelManager.swift in Sources */ = {isa = PBXBuildFile; fileRef = 3D7A163B2B2841E200A107E3 /* MixpanelManager.swift */; };
		3D957E872AEE5C5800D565E9 /* Ex+Query.swift in Sources */ = {isa = PBXBuildFile; fileRef = 3D957E862AEE5C5800D565E9 /* Ex+Query.swift */; };
		3D957E8C2AEE7F1000D565E9 /* DBUserModel.swift in Sources */ = {isa = PBXBuildFile; fileRef = 3D957E8B2AEE7F1000D565E9 /* DBUserModel.swift */; };
		3D957E8E2AEE7F2E00D565E9 /* DBStaticQuestionModel.swift in Sources */ = {isa = PBXBuildFile; fileRef = 3D957E8D2AEE7F2E00D565E9 /* DBStaticQuestionModel.swift */; };
		3D957E902AEE7F4800D565E9 /* DBAnswerModel.swift in Sources */ = {isa = PBXBuildFile; fileRef = 3D957E8F2AEE7F4800D565E9 /* DBAnswerModel.swift */; };
		3D957E9C2AEF998000D565E9 /* Ex+Sequence.swift in Sources */ = {isa = PBXBuildFile; fileRef = 3D957E9B2AEF998000D565E9 /* Ex+Sequence.swift */; };
		3D957EA52AF6B66D00D565E9 /* Ex+UIApplication.swift in Sources */ = {isa = PBXBuildFile; fileRef = 3D957EA42AF6B66D00D565E9 /* Ex+UIApplication.swift */; };
		3D957EA72AF8E95F00D565E9 /* UserSexType.swift in Sources */ = {isa = PBXBuildFile; fileRef = 3D957EA62AF8E95F00D565E9 /* UserSexType.swift */; };
		3DB1FF192B25EB15009DDCCF /* Mixpanel in Frameworks */ = {isa = PBXBuildFile; productRef = 3DB1FF182B25EB15009DDCCF /* Mixpanel */; };
		3DB58C022B824EE900F40BA3 /* KakaoShareManager.swift in Sources */ = {isa = PBXBuildFile; fileRef = 3DB58C012B824EE900F40BA3 /* KakaoShareManager.swift */; };
		3DB6A5752AE0BDF800C1369F /* FirebaseAnalytics in Frameworks */ = {isa = PBXBuildFile; productRef = 3DB6A5742AE0BDF800C1369F /* FirebaseAnalytics */; };
		3DB6A5772AE0BDF800C1369F /* FirebaseAnalyticsOnDeviceConversion in Frameworks */ = {isa = PBXBuildFile; productRef = 3DB6A5762AE0BDF800C1369F /* FirebaseAnalyticsOnDeviceConversion */; };
		3DB6A5792AE0BDF800C1369F /* FirebaseAnalyticsSwift in Frameworks */ = {isa = PBXBuildFile; productRef = 3DB6A5782AE0BDF800C1369F /* FirebaseAnalyticsSwift */; };
		3DB6A57B2AE0BDF800C1369F /* FirebaseAnalyticsWithoutAdIdSupport in Frameworks */ = {isa = PBXBuildFile; productRef = 3DB6A57A2AE0BDF800C1369F /* FirebaseAnalyticsWithoutAdIdSupport */; };
		3DB6A57D2AE0BDF800C1369F /* FirebaseAppCheck in Frameworks */ = {isa = PBXBuildFile; productRef = 3DB6A57C2AE0BDF800C1369F /* FirebaseAppCheck */; };
		3DB6A57F2AE0BDF800C1369F /* FirebaseAppDistribution-Beta in Frameworks */ = {isa = PBXBuildFile; productRef = 3DB6A57E2AE0BDF800C1369F /* FirebaseAppDistribution-Beta */; };
		3DB6A5812AE0BDF800C1369F /* FirebaseAuth in Frameworks */ = {isa = PBXBuildFile; productRef = 3DB6A5802AE0BDF800C1369F /* FirebaseAuth */; };
		3DB6A5832AE0BDF800C1369F /* FirebaseAuthCombine-Community in Frameworks */ = {isa = PBXBuildFile; productRef = 3DB6A5822AE0BDF800C1369F /* FirebaseAuthCombine-Community */; };
		3DB6A5852AE0BDF800C1369F /* FirebaseCrashlytics in Frameworks */ = {isa = PBXBuildFile; productRef = 3DB6A5842AE0BDF800C1369F /* FirebaseCrashlytics */; };
		3DB6A5872AE0BDF800C1369F /* FirebaseDatabase in Frameworks */ = {isa = PBXBuildFile; productRef = 3DB6A5862AE0BDF800C1369F /* FirebaseDatabase */; };
		3DB6A5892AE0BDF800C1369F /* FirebaseDatabaseSwift in Frameworks */ = {isa = PBXBuildFile; productRef = 3DB6A5882AE0BDF800C1369F /* FirebaseDatabaseSwift */; };
		3DB6A58B2AE0BDF800C1369F /* FirebaseDynamicLinks in Frameworks */ = {isa = PBXBuildFile; productRef = 3DB6A58A2AE0BDF800C1369F /* FirebaseDynamicLinks */; };
		3DB6A58D2AE0BDF800C1369F /* FirebaseFirestore in Frameworks */ = {isa = PBXBuildFile; productRef = 3DB6A58C2AE0BDF800C1369F /* FirebaseFirestore */; };
		3DB6A58F2AE0BDF800C1369F /* FirebaseFirestoreCombine-Community in Frameworks */ = {isa = PBXBuildFile; productRef = 3DB6A58E2AE0BDF800C1369F /* FirebaseFirestoreCombine-Community */; };
		3DB6A5912AE0BDF800C1369F /* FirebaseFirestoreSwift in Frameworks */ = {isa = PBXBuildFile; productRef = 3DB6A5902AE0BDF800C1369F /* FirebaseFirestoreSwift */; };
		3DB6A5932AE0BDF800C1369F /* FirebaseFunctions in Frameworks */ = {isa = PBXBuildFile; productRef = 3DB6A5922AE0BDF800C1369F /* FirebaseFunctions */; };
		3DB6A5952AE0BDF800C1369F /* FirebaseFunctionsCombine-Community in Frameworks */ = {isa = PBXBuildFile; productRef = 3DB6A5942AE0BDF800C1369F /* FirebaseFunctionsCombine-Community */; };
		3DB6A5972AE0BDF800C1369F /* FirebaseInAppMessaging-Beta in Frameworks */ = {isa = PBXBuildFile; productRef = 3DB6A5962AE0BDF800C1369F /* FirebaseInAppMessaging-Beta */; };
		3DB6A5992AE0BDF800C1369F /* FirebaseInAppMessagingSwift-Beta in Frameworks */ = {isa = PBXBuildFile; productRef = 3DB6A5982AE0BDF800C1369F /* FirebaseInAppMessagingSwift-Beta */; };
		3DB6A59B2AE0BDF800C1369F /* FirebaseInstallations in Frameworks */ = {isa = PBXBuildFile; productRef = 3DB6A59A2AE0BDF800C1369F /* FirebaseInstallations */; };
		3DB6A59D2AE0BDF800C1369F /* FirebaseMLModelDownloader in Frameworks */ = {isa = PBXBuildFile; productRef = 3DB6A59C2AE0BDF800C1369F /* FirebaseMLModelDownloader */; };
		3DB6A59F2AE0BDF800C1369F /* FirebaseMessaging in Frameworks */ = {isa = PBXBuildFile; productRef = 3DB6A59E2AE0BDF800C1369F /* FirebaseMessaging */; };
		3DB6A5A12AE0BDF800C1369F /* FirebasePerformance in Frameworks */ = {isa = PBXBuildFile; productRef = 3DB6A5A02AE0BDF800C1369F /* FirebasePerformance */; };
		3DB6A5A32AE0BDF800C1369F /* FirebaseRemoteConfig in Frameworks */ = {isa = PBXBuildFile; productRef = 3DB6A5A22AE0BDF800C1369F /* FirebaseRemoteConfig */; };
		3DB6A5A52AE0BDF800C1369F /* FirebaseRemoteConfigSwift in Frameworks */ = {isa = PBXBuildFile; productRef = 3DB6A5A42AE0BDF800C1369F /* FirebaseRemoteConfigSwift */; };
		3DB6A5A72AE0BDF800C1369F /* FirebaseStorage in Frameworks */ = {isa = PBXBuildFile; productRef = 3DB6A5A62AE0BDF800C1369F /* FirebaseStorage */; };
		3DB6A5A92AE0BDF800C1369F /* FirebaseStorageCombine-Community in Frameworks */ = {isa = PBXBuildFile; productRef = 3DB6A5A82AE0BDF800C1369F /* FirebaseStorageCombine-Community */; };
		3DB6A5B42AE11CCD00C1369F /* SignInAppleHelper.swift in Sources */ = {isa = PBXBuildFile; fileRef = 3DB6A5B32AE11CCD00C1369F /* SignInAppleHelper.swift */; };
		3DD485E12B0AFC7300AF5E02 /* ProfileMenuViewModel.swift in Sources */ = {isa = PBXBuildFile; fileRef = 3DD485E02B0AFC7300AF5E02 /* ProfileMenuViewModel.swift */; };
		3DD485E32B0B9BA500AF5E02 /* MarriageStatus.swift in Sources */ = {isa = PBXBuildFile; fileRef = 3DD485E22B0B9BA500AF5E02 /* MarriageStatus.swift */; };
		3DD485E52B0C8B1B00AF5E02 /* WithdrawalMembershipView.swift in Sources */ = {isa = PBXBuildFile; fileRef = 3DD485E42B0C8B1B00AF5E02 /* WithdrawalMembershipView.swift */; };
		3DD485F02B0D9E9E00AF5E02 /* ConnectedView.swift in Sources */ = {isa = PBXBuildFile; fileRef = 3DD485EF2B0D9E9E00AF5E02 /* ConnectedView.swift */; };
		3DD485F22B0DAAB300AF5E02 /* ConnectionViewModel.swift in Sources */ = {isa = PBXBuildFile; fileRef = 3DD485F12B0DAAB300AF5E02 /* ConnectionViewModel.swift */; };
		3DD485F42B0DAC5800AF5E02 /* ConnectingView.swift in Sources */ = {isa = PBXBuildFile; fileRef = 3DD485F32B0DAC5800AF5E02 /* ConnectingView.swift */; };
		3DD4860F2B14910200AF5E02 /* Kakao-Info.plist in Resources */ = {isa = PBXBuildFile; fileRef = 3DD4860E2B14910200AF5E02 /* Kakao-Info.plist */; };
		3DE945042AFA96C900CF7E33 /* ReactionType.swift in Sources */ = {isa = PBXBuildFile; fileRef = 3DE945032AFA96C900CF7E33 /* ReactionType.swift */; };
		3DF31AE72B0453DF00F0EA4E /* SignInView.swift in Sources */ = {isa = PBXBuildFile; fileRef = 3DF31AE62B0453DF00F0EA4E /* SignInView.swift */; };
		3DF31AE92B0453E700F0EA4E /* SignUpView.swift in Sources */ = {isa = PBXBuildFile; fileRef = 3DF31AE82B0453E700F0EA4E /* SignUpView.swift */; };
		3DF31AEB2B0453F400F0EA4E /* QnAListView.swift in Sources */ = {isa = PBXBuildFile; fileRef = 3DF31AEA2B0453F400F0EA4E /* QnAListView.swift */; };
		3DF31AED2B0453FB00F0EA4E /* CheckAnswerView.swift in Sources */ = {isa = PBXBuildFile; fileRef = 3DF31AEC2B0453FB00F0EA4E /* CheckAnswerView.swift */; };
		3DF31AEF2B04540800F0EA4E /* CategoryWaypointView.swift in Sources */ = {isa = PBXBuildFile; fileRef = 3DF31AEE2B04540800F0EA4E /* CategoryWaypointView.swift */; };
		3DF31AF32B04544600F0EA4E /* WriteAnswerView.swift in Sources */ = {isa = PBXBuildFile; fileRef = 3DF31AF22B04544600F0EA4E /* WriteAnswerView.swift */; };
		3DF31AF52B04544E00F0EA4E /* ProfileMenuView.swift in Sources */ = {isa = PBXBuildFile; fileRef = 3DF31AF42B04544E00F0EA4E /* ProfileMenuView.swift */; };
		3DF31AF92B04546700F0EA4E /* ConnectionView.swift in Sources */ = {isa = PBXBuildFile; fileRef = 3DF31AF82B04546700F0EA4E /* ConnectionView.swift */; };
		3DF31B022B06685F00F0EA4E /* AnswerManager.swift in Sources */ = {isa = PBXBuildFile; fileRef = 3DF31B012B06685F00F0EA4E /* AnswerManager.swift */; };
		3DF31B042B0669F900F0EA4E /* EssentialQuestionManager.swift in Sources */ = {isa = PBXBuildFile; fileRef = 3DF31B032B0669F900F0EA4E /* EssentialQuestionManager.swift */; };
		3DF31B062B073CD000F0EA4E /* SignUpViewModel.swift in Sources */ = {isa = PBXBuildFile; fileRef = 3DF31B052B073CD000F0EA4E /* SignUpViewModel.swift */; };
		3DF31B082B073CDE00F0EA4E /* SignUpContentView.swift in Sources */ = {isa = PBXBuildFile; fileRef = 3DF31B072B073CDE00F0EA4E /* SignUpContentView.swift */; };
		3DF31BFE2B074BB800F0EA4E /* SelectQuestionView.swift in Sources */ = {isa = PBXBuildFile; fileRef = 3DF31AF02B04541F00F0EA4E /* SelectQuestionView.swift */; };
		3DF31C002B076F7500F0EA4E /* SignUpStep.swift in Sources */ = {isa = PBXBuildFile; fileRef = 3DF31BFF2B076F7500F0EA4E /* SignUpStep.swift */; };
		3DF31C012B07729200F0EA4E /* EmbedWebView.swift in Sources */ = {isa = PBXBuildFile; fileRef = 3D44125B2AE4F91900FD5A51 /* EmbedWebView.swift */; };
		6024772C2B517D40005A5167 /* GoogleSignIn in Frameworks */ = {isa = PBXBuildFile; productRef = 6024772B2B517D40005A5167 /* GoogleSignIn */; };
		6024772E2B517D40005A5167 /* GoogleSignInSwift in Frameworks */ = {isa = PBXBuildFile; productRef = 6024772D2B517D40005A5167 /* GoogleSignInSwift */; };
		602477302B519927005A5167 /* SignInGoogleHelper.swift in Sources */ = {isa = PBXBuildFile; fileRef = 6024772F2B519927005A5167 /* SignInGoogleHelper.swift */; };
		603F040F2C25EFE3008A2332 /* DBAnnouncementModel.swift in Sources */ = {isa = PBXBuildFile; fileRef = 603F040E2C25EFE3008A2332 /* DBAnnouncementModel.swift */; };
		603F04112C25F124008A2332 /* AnnouncementManager.swift in Sources */ = {isa = PBXBuildFile; fileRef = 603F04102C25F124008A2332 /* AnnouncementManager.swift */; };
		60528FA92B0C97A900A29E6F /* ActiveSheet.swift in Sources */ = {isa = PBXBuildFile; fileRef = 60528FA82B0C97A900A29E6F /* ActiveSheet.swift */; };
		6053F15F2ADF6C3B0064A6E0 /* Ex+View.swift in Sources */ = {isa = PBXBuildFile; fileRef = 6053F15E2ADF6C3B0064A6E0 /* Ex+View.swift */; };
		6053F1622ADF6CDE0064A6E0 /* InputFieldModifier.swift in Sources */ = {isa = PBXBuildFile; fileRef = 6053F1612ADF6CDE0064A6E0 /* InputFieldModifier.swift */; };
		6053F1762AE899320064A6E0 /* InputFields.swift in Sources */ = {isa = PBXBuildFile; fileRef = 6053F1752AE899320064A6E0 /* InputFields.swift */; };
		60678E2A2B09186F009B9558 /* QnAListViewModel.swift in Sources */ = {isa = PBXBuildFile; fileRef = 60678E292B09186F009B9558 /* QnAListViewModel.swift */; };
		60678E2C2B0AF43B009B9558 /* CheckAnswerViewModel.swift in Sources */ = {isa = PBXBuildFile; fileRef = 60678E2B2B0AF43B009B9558 /* CheckAnswerViewModel.swift */; };
		60678E2E2B0B00D4009B9558 /* SelectReactionView.swift in Sources */ = {isa = PBXBuildFile; fileRef = 60678E2D2B0B00D4009B9558 /* SelectReactionView.swift */; };
		60678E342B0B8843009B9558 /* SignInViewModel.swift in Sources */ = {isa = PBXBuildFile; fileRef = 3DB6A5B02AE11C2D00C1369F /* SignInViewModel.swift */; };
		60678E352B0B8943009B9558 /* AppleLoginButtonViewRepresentable.swift in Sources */ = {isa = PBXBuildFile; fileRef = 3DB6A5AD2AE0C12B00C1369F /* AppleLoginButtonViewRepresentable.swift */; };
		606AA7622AFA910100CA5EA6 /* AnswerStatus.swift in Sources */ = {isa = PBXBuildFile; fileRef = 606AA7612AFA910100CA5EA6 /* AnswerStatus.swift */; };
		60797C212AF9DD7C005375DC /* Category.swift in Sources */ = {isa = PBXBuildFile; fileRef = 60797C202AF9DD7C005375DC /* Category.swift */; };
		607DA20E2AEF48AE005AE11C /* NavigationArrowLeft.swift in Sources */ = {isa = PBXBuildFile; fileRef = 607DA20D2AEF48AE005AE11C /* NavigationArrowLeft.swift */; };
		607DA2142AEFCF93005AE11C /* ConnectionError.swift in Sources */ = {isa = PBXBuildFile; fileRef = 607DA2132AEFCF93005AE11C /* ConnectionError.swift */; };
		607DA2182AF0B07D005AE11C /* Ex+Date.swift in Sources */ = {isa = PBXBuildFile; fileRef = 607DA2172AF0B07D005AE11C /* Ex+Date.swift */; };
		608061E62B5A61FC006A7693 /* NPSfont_regular.ttf in Resources */ = {isa = PBXBuildFile; fileRef = 608061E52B5A61FC006A7693 /* NPSfont_regular.ttf */; };
		6086BAA92AF130A800E2DC3A /* DBEssentialQuestionModel.swift in Sources */ = {isa = PBXBuildFile; fileRef = 6086BAA82AF130A800E2DC3A /* DBEssentialQuestionModel.swift */; };
		60A134642B103593002E0A9F /* ReactionStatus.swift in Sources */ = {isa = PBXBuildFile; fileRef = 60A134632B103593002E0A9F /* ReactionStatus.swift */; };
		60EEC2ED2B1223B10049DAFD /* KakaoSDK in Frameworks */ = {isa = PBXBuildFile; productRef = 60EEC2EC2B1223B10049DAFD /* KakaoSDK */; };
		60EEC2EF2B1223B10049DAFD /* KakaoSDKAuth in Frameworks */ = {isa = PBXBuildFile; productRef = 60EEC2EE2B1223B10049DAFD /* KakaoSDKAuth */; };
		60EEC2F12B1223B10049DAFD /* KakaoSDKCert in Frameworks */ = {isa = PBXBuildFile; productRef = 60EEC2F02B1223B10049DAFD /* KakaoSDKCert */; };
		60EEC2F32B1223B10049DAFD /* KakaoSDKCertCore in Frameworks */ = {isa = PBXBuildFile; productRef = 60EEC2F22B1223B10049DAFD /* KakaoSDKCertCore */; };
		60EEC2F52B1223B10049DAFD /* KakaoSDKCommon in Frameworks */ = {isa = PBXBuildFile; productRef = 60EEC2F42B1223B10049DAFD /* KakaoSDKCommon */; };
		60EEC2F72B1231560049DAFD /* SignInKakaoHelper.swift in Sources */ = {isa = PBXBuildFile; fileRef = 60EEC2F62B1231560049DAFD /* SignInKakaoHelper.swift */; };
		60EEC2FC2B125D210049DAFD /* Ex+Bundle.swift in Sources */ = {isa = PBXBuildFile; fileRef = 60EEC2FB2B125D210049DAFD /* Ex+Bundle.swift */; };
		AE02ABED2B0C8A08004648F9 /* FLAnimatedImage in Frameworks */ = {isa = PBXBuildFile; productRef = AE02ABEC2B0C8A08004648F9 /* FLAnimatedImage */; };
		AE1AE9FB2AE51BF00010089F /* QnAListItem.swift in Sources */ = {isa = PBXBuildFile; fileRef = AE1AE9FA2AE51BF00010089F /* QnAListItem.swift */; };
		AE2BB5F42AD650680003CD85 /* .swiftlint.yml in Resources */ = {isa = PBXBuildFile; fileRef = AE2BB5F32AD650680003CD85 /* .swiftlint.yml */; };
		AE2F915C2B0B3D7800EE9C33 /* WriteAnswerViewModel.swift in Sources */ = {isa = PBXBuildFile; fileRef = AE2F915B2B0B3D7800EE9C33 /* WriteAnswerViewModel.swift */; };
		AE3BF1142AF49986009A2FB1 /* Ex+UINavigation.swift in Sources */ = {isa = PBXBuildFile; fileRef = AE3BF1132AF49986009A2FB1 /* Ex+UINavigation.swift */; };
		AE5EB9FB2AF1396C0074F361 /* AppDelegate.swift in Sources */ = {isa = PBXBuildFile; fileRef = AE5EB9FA2AF1396C0074F361 /* AppDelegate.swift */; };
		AE6ACF552AE0B49E0017088C /* Helpers.swift in Sources */ = {isa = PBXBuildFile; fileRef = AE6ACF542AE0B49E0017088C /* Helpers.swift */; };
		AE6B41052AFC618B00A7483E /* Ex+String.swift in Sources */ = {isa = PBXBuildFile; fileRef = AE6B41042AFC618B00A7483E /* Ex+String.swift */; };
		AE7C26AF2BBC43C100427C54 /* GoogleService-Info.plist in Resources */ = {isa = PBXBuildFile; fileRef = AE7C26AE2BBC43C100427C54 /* GoogleService-Info.plist */; };
		AE7EE4E12AD6409000E0A573 /* ABloomApp.swift in Sources */ = {isa = PBXBuildFile; fileRef = AE7EE4E02AD6409000E0A573 /* ABloomApp.swift */; };
		AE7EE4E82AD6409100E0A573 /* Preview Assets.xcassets in Resources */ = {isa = PBXBuildFile; fileRef = AE7EE4E72AD6409100E0A573 /* Preview Assets.xcassets */; };
		AE8CFC1B2B08B242000F452F /* CategoryWaypointViewModel.swift in Sources */ = {isa = PBXBuildFile; fileRef = AE8CFC1A2B08B242000F452F /* CategoryWaypointViewModel.swift */; };
		AE8CFC1D2B08FFFB000F452F /* SelectQuestionViewModel.swift in Sources */ = {isa = PBXBuildFile; fileRef = AE8CFC1C2B08FFFB000F452F /* SelectQuestionViewModel.swift */; };
		AE8D3C512ADE19E0009899A7 /* Ex+Font.swift in Sources */ = {isa = PBXBuildFile; fileRef = AE8D3C502ADE19E0009899A7 /* Ex+Font.swift */; };
		AEAB19372ADF77210057BC43 /* Buttons.swift in Sources */ = {isa = PBXBuildFile; fileRef = AEAB19362ADF77210057BC43 /* Buttons.swift */; };
		AEB502642AE5FA840056E439 /* CustomNavigationBarModifier.swift in Sources */ = {isa = PBXBuildFile; fileRef = AEB502632AE5FA840056E439 /* CustomNavigationBarModifier.swift */; };
		AEBDE5682B06FC46005711BF /* NanumSquareNeo-aLt.ttf in Resources */ = {isa = PBXBuildFile; fileRef = AEBDE5632B06FC46005711BF /* NanumSquareNeo-aLt.ttf */; };
		AEBDE5692B06FC46005711BF /* NanumSquareNeo-dEb.ttf in Resources */ = {isa = PBXBuildFile; fileRef = AEBDE5642B06FC46005711BF /* NanumSquareNeo-dEb.ttf */; };
		AEBDE56A2B06FC46005711BF /* NanumSquareNeo-cBd.ttf in Resources */ = {isa = PBXBuildFile; fileRef = AEBDE5652B06FC46005711BF /* NanumSquareNeo-cBd.ttf */; };
		AEBDE56B2B06FC46005711BF /* NanumSquareNeo-bRg.ttf in Resources */ = {isa = PBXBuildFile; fileRef = AEBDE5662B06FC46005711BF /* NanumSquareNeo-bRg.ttf */; };
		AEBDE56C2B06FC46005711BF /* NanumSquareNeo-eHv.ttf in Resources */ = {isa = PBXBuildFile; fileRef = AEBDE5672B06FC46005711BF /* NanumSquareNeo-eHv.ttf */; };
		AEC260612AEA5A8000DF7CD5 /* StaticQuestionManager.swift in Sources */ = {isa = PBXBuildFile; fileRef = AEC260602AEA5A8000DF7CD5 /* StaticQuestionManager.swift */; };
		AEC44E042AF628DF0021156E /* Launch Screen.storyboard in Resources */ = {isa = PBXBuildFile; fileRef = AEC44E032AF628DF0021156E /* Launch Screen.storyboard */; };
		AEDFFECE2B51576300386BFD /* Mixpanel.plist in Resources */ = {isa = PBXBuildFile; fileRef = AEDFFECD2B51576300386BFD /* Mixpanel.plist */; };
		AEE092912B0AF5270076E7B7 /* Ex+Color.swift in Sources */ = {isa = PBXBuildFile; fileRef = AEE092902B0AF5270076E7B7 /* Ex+Color.swift */; };
/* End PBXBuildFile section */

/* Begin PBXFileReference section */
		3D4412422AE388DB00FD5A51 /* UserManager.swift */ = {isa = PBXFileReference; lastKnownFileType = sourcecode.swift; path = UserManager.swift; sourceTree = "<group>"; };
		3D4412482AE4C49700FD5A51 /* AuthenticationManager.swift */ = {isa = PBXFileReference; lastKnownFileType = sourcecode.swift; path = AuthenticationManager.swift; sourceTree = "<group>"; };
		3D4412592AE4F8B600FD5A51 /* WebView.swift */ = {isa = PBXFileReference; lastKnownFileType = sourcecode.swift; path = WebView.swift; sourceTree = "<group>"; };
		3D44125B2AE4F91900FD5A51 /* EmbedWebView.swift */ = {isa = PBXFileReference; lastKnownFileType = sourcecode.swift; path = EmbedWebView.swift; sourceTree = "<group>"; };
		3D44126A2AE6246100FD5A51 /* Assets.xcassets */ = {isa = PBXFileReference; lastKnownFileType = folder.assetcatalog; path = Assets.xcassets; sourceTree = "<group>"; };
		3D4412772AE9F5E600FD5A51 /* ServiceWebURL.swift */ = {isa = PBXFileReference; lastKnownFileType = sourcecode.swift; path = ServiceWebURL.swift; sourceTree = "<group>"; };
		3D7A16392B2840C600A107E3 /* ToastView.swift */ = {isa = PBXFileReference; lastKnownFileType = sourcecode.swift; path = ToastView.swift; sourceTree = "<group>"; };
		3D7A163B2B2841E200A107E3 /* MixpanelManager.swift */ = {isa = PBXFileReference; lastKnownFileType = sourcecode.swift; path = MixpanelManager.swift; sourceTree = "<group>"; };
		3D957E862AEE5C5800D565E9 /* Ex+Query.swift */ = {isa = PBXFileReference; lastKnownFileType = sourcecode.swift; path = "Ex+Query.swift"; sourceTree = "<group>"; };
		3D957E8B2AEE7F1000D565E9 /* DBUserModel.swift */ = {isa = PBXFileReference; lastKnownFileType = sourcecode.swift; path = DBUserModel.swift; sourceTree = "<group>"; };
		3D957E8D2AEE7F2E00D565E9 /* DBStaticQuestionModel.swift */ = {isa = PBXFileReference; lastKnownFileType = sourcecode.swift; path = DBStaticQuestionModel.swift; sourceTree = "<group>"; };
		3D957E8F2AEE7F4800D565E9 /* DBAnswerModel.swift */ = {isa = PBXFileReference; lastKnownFileType = sourcecode.swift; path = DBAnswerModel.swift; sourceTree = "<group>"; };
		3D957E9B2AEF998000D565E9 /* Ex+Sequence.swift */ = {isa = PBXFileReference; lastKnownFileType = sourcecode.swift; path = "Ex+Sequence.swift"; sourceTree = "<group>"; };
		3D957EA42AF6B66D00D565E9 /* Ex+UIApplication.swift */ = {isa = PBXFileReference; lastKnownFileType = sourcecode.swift; path = "Ex+UIApplication.swift"; sourceTree = "<group>"; };
		3D957EA62AF8E95F00D565E9 /* UserSexType.swift */ = {isa = PBXFileReference; lastKnownFileType = sourcecode.swift; path = UserSexType.swift; sourceTree = "<group>"; };
		3DB58C012B824EE900F40BA3 /* KakaoShareManager.swift */ = {isa = PBXFileReference; lastKnownFileType = sourcecode.swift; path = KakaoShareManager.swift; sourceTree = "<group>"; };
		3DB6A5AD2AE0C12B00C1369F /* AppleLoginButtonViewRepresentable.swift */ = {isa = PBXFileReference; lastKnownFileType = sourcecode.swift; path = AppleLoginButtonViewRepresentable.swift; sourceTree = "<group>"; };
		3DB6A5B02AE11C2D00C1369F /* SignInViewModel.swift */ = {isa = PBXFileReference; lastKnownFileType = sourcecode.swift; path = SignInViewModel.swift; sourceTree = "<group>"; };
		3DB6A5B32AE11CCD00C1369F /* SignInAppleHelper.swift */ = {isa = PBXFileReference; lastKnownFileType = sourcecode.swift; path = SignInAppleHelper.swift; sourceTree = "<group>"; };
		3DB6A5B52AE1278D00C1369F /* ABloom.entitlements */ = {isa = PBXFileReference; lastKnownFileType = text.plist.entitlements; path = ABloom.entitlements; sourceTree = "<group>"; };
		3DD485E02B0AFC7300AF5E02 /* ProfileMenuViewModel.swift */ = {isa = PBXFileReference; lastKnownFileType = sourcecode.swift; path = ProfileMenuViewModel.swift; sourceTree = "<group>"; };
		3DD485E22B0B9BA500AF5E02 /* MarriageStatus.swift */ = {isa = PBXFileReference; lastKnownFileType = sourcecode.swift; path = MarriageStatus.swift; sourceTree = "<group>"; };
		3DD485E42B0C8B1B00AF5E02 /* WithdrawalMembershipView.swift */ = {isa = PBXFileReference; lastKnownFileType = sourcecode.swift; path = WithdrawalMembershipView.swift; sourceTree = "<group>"; };
		3DD485EF2B0D9E9E00AF5E02 /* ConnectedView.swift */ = {isa = PBXFileReference; lastKnownFileType = sourcecode.swift; path = ConnectedView.swift; sourceTree = "<group>"; };
		3DD485F12B0DAAB300AF5E02 /* ConnectionViewModel.swift */ = {isa = PBXFileReference; lastKnownFileType = sourcecode.swift; path = ConnectionViewModel.swift; sourceTree = "<group>"; };
		3DD485F32B0DAC5800AF5E02 /* ConnectingView.swift */ = {isa = PBXFileReference; lastKnownFileType = sourcecode.swift; path = ConnectingView.swift; sourceTree = "<group>"; };
		3DD4860E2B14910200AF5E02 /* Kakao-Info.plist */ = {isa = PBXFileReference; fileEncoding = 4; lastKnownFileType = text.plist.xml; path = "Kakao-Info.plist"; sourceTree = "<group>"; };
		3DE945032AFA96C900CF7E33 /* ReactionType.swift */ = {isa = PBXFileReference; lastKnownFileType = sourcecode.swift; path = ReactionType.swift; sourceTree = "<group>"; };
		3DF31AE62B0453DF00F0EA4E /* SignInView.swift */ = {isa = PBXFileReference; lastKnownFileType = sourcecode.swift; path = SignInView.swift; sourceTree = "<group>"; };
		3DF31AE82B0453E700F0EA4E /* SignUpView.swift */ = {isa = PBXFileReference; lastKnownFileType = sourcecode.swift; path = SignUpView.swift; sourceTree = "<group>"; };
		3DF31AEA2B0453F400F0EA4E /* QnAListView.swift */ = {isa = PBXFileReference; lastKnownFileType = sourcecode.swift; path = QnAListView.swift; sourceTree = "<group>"; };
		3DF31AEC2B0453FB00F0EA4E /* CheckAnswerView.swift */ = {isa = PBXFileReference; lastKnownFileType = sourcecode.swift; path = CheckAnswerView.swift; sourceTree = "<group>"; };
		3DF31AEE2B04540800F0EA4E /* CategoryWaypointView.swift */ = {isa = PBXFileReference; lastKnownFileType = sourcecode.swift; path = CategoryWaypointView.swift; sourceTree = "<group>"; };
		3DF31AF02B04541F00F0EA4E /* SelectQuestionView.swift */ = {isa = PBXFileReference; lastKnownFileType = sourcecode.swift; path = SelectQuestionView.swift; sourceTree = "<group>"; };
		3DF31AF22B04544600F0EA4E /* WriteAnswerView.swift */ = {isa = PBXFileReference; lastKnownFileType = sourcecode.swift; path = WriteAnswerView.swift; sourceTree = "<group>"; };
		3DF31AF42B04544E00F0EA4E /* ProfileMenuView.swift */ = {isa = PBXFileReference; lastKnownFileType = sourcecode.swift; path = ProfileMenuView.swift; sourceTree = "<group>"; };
		3DF31AF82B04546700F0EA4E /* ConnectionView.swift */ = {isa = PBXFileReference; lastKnownFileType = sourcecode.swift; path = ConnectionView.swift; sourceTree = "<group>"; };
		3DF31B012B06685F00F0EA4E /* AnswerManager.swift */ = {isa = PBXFileReference; lastKnownFileType = sourcecode.swift; path = AnswerManager.swift; sourceTree = "<group>"; };
		3DF31B032B0669F900F0EA4E /* EssentialQuestionManager.swift */ = {isa = PBXFileReference; lastKnownFileType = sourcecode.swift; path = EssentialQuestionManager.swift; sourceTree = "<group>"; };
		3DF31B052B073CD000F0EA4E /* SignUpViewModel.swift */ = {isa = PBXFileReference; lastKnownFileType = sourcecode.swift; path = SignUpViewModel.swift; sourceTree = "<group>"; };
		3DF31B072B073CDE00F0EA4E /* SignUpContentView.swift */ = {isa = PBXFileReference; lastKnownFileType = sourcecode.swift; path = SignUpContentView.swift; sourceTree = "<group>"; };
		3DF31BFF2B076F7500F0EA4E /* SignUpStep.swift */ = {isa = PBXFileReference; lastKnownFileType = sourcecode.swift; path = SignUpStep.swift; sourceTree = "<group>"; };
		6024772F2B519927005A5167 /* SignInGoogleHelper.swift */ = {isa = PBXFileReference; lastKnownFileType = sourcecode.swift; path = SignInGoogleHelper.swift; sourceTree = "<group>"; };
		603F040E2C25EFE3008A2332 /* DBAnnouncementModel.swift */ = {isa = PBXFileReference; lastKnownFileType = sourcecode.swift; path = DBAnnouncementModel.swift; sourceTree = "<group>"; };
		603F04102C25F124008A2332 /* AnnouncementManager.swift */ = {isa = PBXFileReference; lastKnownFileType = sourcecode.swift; path = AnnouncementManager.swift; sourceTree = "<group>"; };
		60528FA82B0C97A900A29E6F /* ActiveSheet.swift */ = {isa = PBXFileReference; lastKnownFileType = sourcecode.swift; path = ActiveSheet.swift; sourceTree = "<group>"; };
		6053F15E2ADF6C3B0064A6E0 /* Ex+View.swift */ = {isa = PBXFileReference; lastKnownFileType = sourcecode.swift; path = "Ex+View.swift"; sourceTree = "<group>"; };
		6053F1612ADF6CDE0064A6E0 /* InputFieldModifier.swift */ = {isa = PBXFileReference; lastKnownFileType = sourcecode.swift; path = InputFieldModifier.swift; sourceTree = "<group>"; };
		6053F1752AE899320064A6E0 /* InputFields.swift */ = {isa = PBXFileReference; lastKnownFileType = sourcecode.swift; path = InputFields.swift; sourceTree = "<group>"; };
		60678E292B09186F009B9558 /* QnAListViewModel.swift */ = {isa = PBXFileReference; lastKnownFileType = sourcecode.swift; path = QnAListViewModel.swift; sourceTree = "<group>"; };
		60678E2B2B0AF43B009B9558 /* CheckAnswerViewModel.swift */ = {isa = PBXFileReference; lastKnownFileType = sourcecode.swift; path = CheckAnswerViewModel.swift; sourceTree = "<group>"; };
		60678E2D2B0B00D4009B9558 /* SelectReactionView.swift */ = {isa = PBXFileReference; lastKnownFileType = sourcecode.swift; path = SelectReactionView.swift; sourceTree = "<group>"; };
		606AA7612AFA910100CA5EA6 /* AnswerStatus.swift */ = {isa = PBXFileReference; lastKnownFileType = sourcecode.swift; path = AnswerStatus.swift; sourceTree = "<group>"; };
		60797C202AF9DD7C005375DC /* Category.swift */ = {isa = PBXFileReference; lastKnownFileType = sourcecode.swift; path = Category.swift; sourceTree = "<group>"; };
		607DA20D2AEF48AE005AE11C /* NavigationArrowLeft.swift */ = {isa = PBXFileReference; lastKnownFileType = sourcecode.swift; path = NavigationArrowLeft.swift; sourceTree = "<group>"; };
		607DA2132AEFCF93005AE11C /* ConnectionError.swift */ = {isa = PBXFileReference; lastKnownFileType = sourcecode.swift; path = ConnectionError.swift; sourceTree = "<group>"; };
		607DA2172AF0B07D005AE11C /* Ex+Date.swift */ = {isa = PBXFileReference; lastKnownFileType = sourcecode.swift; path = "Ex+Date.swift"; sourceTree = "<group>"; };
		608061E52B5A61FC006A7693 /* NPSfont_regular.ttf */ = {isa = PBXFileReference; lastKnownFileType = file; path = NPSfont_regular.ttf; sourceTree = "<group>"; };
		6086BAA82AF130A800E2DC3A /* DBEssentialQuestionModel.swift */ = {isa = PBXFileReference; lastKnownFileType = sourcecode.swift; path = DBEssentialQuestionModel.swift; sourceTree = "<group>"; };
		60A134632B103593002E0A9F /* ReactionStatus.swift */ = {isa = PBXFileReference; lastKnownFileType = sourcecode.swift; path = ReactionStatus.swift; sourceTree = "<group>"; };
		60EEC2F62B1231560049DAFD /* SignInKakaoHelper.swift */ = {isa = PBXFileReference; lastKnownFileType = sourcecode.swift; path = SignInKakaoHelper.swift; sourceTree = "<group>"; };
		60EEC2FB2B125D210049DAFD /* Ex+Bundle.swift */ = {isa = PBXFileReference; lastKnownFileType = sourcecode.swift; path = "Ex+Bundle.swift"; sourceTree = "<group>"; };
		AE1AE9FA2AE51BF00010089F /* QnAListItem.swift */ = {isa = PBXFileReference; lastKnownFileType = sourcecode.swift; path = QnAListItem.swift; sourceTree = "<group>"; };
		AE2BB5F32AD650680003CD85 /* .swiftlint.yml */ = {isa = PBXFileReference; lastKnownFileType = text.yaml; path = .swiftlint.yml; sourceTree = "<group>"; };
		AE2F915B2B0B3D7800EE9C33 /* WriteAnswerViewModel.swift */ = {isa = PBXFileReference; lastKnownFileType = sourcecode.swift; path = WriteAnswerViewModel.swift; sourceTree = "<group>"; };
		AE3BF1132AF49986009A2FB1 /* Ex+UINavigation.swift */ = {isa = PBXFileReference; lastKnownFileType = sourcecode.swift; path = "Ex+UINavigation.swift"; sourceTree = "<group>"; };
		AE5EB9FA2AF1396C0074F361 /* AppDelegate.swift */ = {isa = PBXFileReference; lastKnownFileType = sourcecode.swift; path = AppDelegate.swift; sourceTree = "<group>"; };
		AE6ACF542AE0B49E0017088C /* Helpers.swift */ = {isa = PBXFileReference; lastKnownFileType = sourcecode.swift; path = Helpers.swift; sourceTree = "<group>"; };
		AE6B41042AFC618B00A7483E /* Ex+String.swift */ = {isa = PBXFileReference; lastKnownFileType = sourcecode.swift; path = "Ex+String.swift"; sourceTree = "<group>"; };
		AE7C26AE2BBC43C100427C54 /* GoogleService-Info.plist */ = {isa = PBXFileReference; fileEncoding = 4; lastKnownFileType = text.plist.xml; path = "GoogleService-Info.plist"; sourceTree = "<group>"; };
		AE7EE4DD2AD6409000E0A573 /* ABloom.app */ = {isa = PBXFileReference; explicitFileType = wrapper.application; includeInIndex = 0; path = ABloom.app; sourceTree = BUILT_PRODUCTS_DIR; };
		AE7EE4E02AD6409000E0A573 /* ABloomApp.swift */ = {isa = PBXFileReference; lastKnownFileType = sourcecode.swift; path = ABloomApp.swift; sourceTree = "<group>"; };
		AE7EE4E72AD6409100E0A573 /* Preview Assets.xcassets */ = {isa = PBXFileReference; lastKnownFileType = folder.assetcatalog; path = "Preview Assets.xcassets"; sourceTree = "<group>"; };
		AE8CFC1A2B08B242000F452F /* CategoryWaypointViewModel.swift */ = {isa = PBXFileReference; lastKnownFileType = sourcecode.swift; path = CategoryWaypointViewModel.swift; sourceTree = "<group>"; };
		AE8CFC1C2B08FFFB000F452F /* SelectQuestionViewModel.swift */ = {isa = PBXFileReference; lastKnownFileType = sourcecode.swift; path = SelectQuestionViewModel.swift; sourceTree = "<group>"; };
		AE8D3C502ADE19E0009899A7 /* Ex+Font.swift */ = {isa = PBXFileReference; lastKnownFileType = sourcecode.swift; path = "Ex+Font.swift"; sourceTree = "<group>"; };
		AE8D3C5D2ADE1A22009899A7 /* Info.plist */ = {isa = PBXFileReference; lastKnownFileType = text.plist; path = Info.plist; sourceTree = "<group>"; };
		AEAB19362ADF77210057BC43 /* Buttons.swift */ = {isa = PBXFileReference; lastKnownFileType = sourcecode.swift; path = Buttons.swift; sourceTree = "<group>"; };
		AEB502632AE5FA840056E439 /* CustomNavigationBarModifier.swift */ = {isa = PBXFileReference; lastKnownFileType = sourcecode.swift; path = CustomNavigationBarModifier.swift; sourceTree = "<group>"; };
		AEBDE5632B06FC46005711BF /* NanumSquareNeo-aLt.ttf */ = {isa = PBXFileReference; lastKnownFileType = file; path = "NanumSquareNeo-aLt.ttf"; sourceTree = "<group>"; };
		AEBDE5642B06FC46005711BF /* NanumSquareNeo-dEb.ttf */ = {isa = PBXFileReference; lastKnownFileType = file; path = "NanumSquareNeo-dEb.ttf"; sourceTree = "<group>"; };
		AEBDE5652B06FC46005711BF /* NanumSquareNeo-cBd.ttf */ = {isa = PBXFileReference; lastKnownFileType = file; path = "NanumSquareNeo-cBd.ttf"; sourceTree = "<group>"; };
		AEBDE5662B06FC46005711BF /* NanumSquareNeo-bRg.ttf */ = {isa = PBXFileReference; lastKnownFileType = file; path = "NanumSquareNeo-bRg.ttf"; sourceTree = "<group>"; };
		AEBDE5672B06FC46005711BF /* NanumSquareNeo-eHv.ttf */ = {isa = PBXFileReference; lastKnownFileType = file; path = "NanumSquareNeo-eHv.ttf"; sourceTree = "<group>"; };
		AEC260602AEA5A8000DF7CD5 /* StaticQuestionManager.swift */ = {isa = PBXFileReference; lastKnownFileType = sourcecode.swift; path = StaticQuestionManager.swift; sourceTree = "<group>"; };
		AEC44E032AF628DF0021156E /* Launch Screen.storyboard */ = {isa = PBXFileReference; lastKnownFileType = file.storyboard; path = "Launch Screen.storyboard"; sourceTree = "<group>"; };
		AEDFFECD2B51576300386BFD /* Mixpanel.plist */ = {isa = PBXFileReference; lastKnownFileType = text.plist.xml; path = Mixpanel.plist; sourceTree = "<group>"; };
		AEE092902B0AF5270076E7B7 /* Ex+Color.swift */ = {isa = PBXFileReference; lastKnownFileType = sourcecode.swift; path = "Ex+Color.swift"; sourceTree = "<group>"; };
/* End PBXFileReference section */

/* Begin PBXFrameworksBuildPhase section */
		AE7EE4DA2AD6409000E0A573 /* Frameworks */ = {
			isa = PBXFrameworksBuildPhase;
			buildActionMask = 2147483647;
			files = (
				3DB6A5872AE0BDF800C1369F /* FirebaseDatabase in Frameworks */,
				60EEC2F52B1223B10049DAFD /* KakaoSDKCommon in Frameworks */,
				3DB6A5952AE0BDF800C1369F /* FirebaseFunctionsCombine-Community in Frameworks */,
				3DB6A58D2AE0BDF800C1369F /* FirebaseFirestore in Frameworks */,
				3DB6A5792AE0BDF800C1369F /* FirebaseAnalyticsSwift in Frameworks */,
				3DB6A5752AE0BDF800C1369F /* FirebaseAnalytics in Frameworks */,
				3DB6A5772AE0BDF800C1369F /* FirebaseAnalyticsOnDeviceConversion in Frameworks */,
				3DB6A59D2AE0BDF800C1369F /* FirebaseMLModelDownloader in Frameworks */,
				3DB6A5912AE0BDF800C1369F /* FirebaseFirestoreSwift in Frameworks */,
				3DB6A57D2AE0BDF800C1369F /* FirebaseAppCheck in Frameworks */,
				3DB6A57B2AE0BDF800C1369F /* FirebaseAnalyticsWithoutAdIdSupport in Frameworks */,
				3DB6A5812AE0BDF800C1369F /* FirebaseAuth in Frameworks */,
				3DB6A5852AE0BDF800C1369F /* FirebaseCrashlytics in Frameworks */,
				3DB6A5A52AE0BDF800C1369F /* FirebaseRemoteConfigSwift in Frameworks */,
				3DB6A5972AE0BDF800C1369F /* FirebaseInAppMessaging-Beta in Frameworks */,
				3DB6A5892AE0BDF800C1369F /* FirebaseDatabaseSwift in Frameworks */,
				3DB6A5932AE0BDF800C1369F /* FirebaseFunctions in Frameworks */,
				60EEC2F32B1223B10049DAFD /* KakaoSDKCertCore in Frameworks */,
				3DB6A5A92AE0BDF800C1369F /* FirebaseStorageCombine-Community in Frameworks */,
				60EEC2F12B1223B10049DAFD /* KakaoSDKCert in Frameworks */,
				6024772C2B517D40005A5167 /* GoogleSignIn in Frameworks */,
				3DB6A5A32AE0BDF800C1369F /* FirebaseRemoteConfig in Frameworks */,
				3DB6A57F2AE0BDF800C1369F /* FirebaseAppDistribution-Beta in Frameworks */,
				60EEC2ED2B1223B10049DAFD /* KakaoSDK in Frameworks */,
				3DB6A5832AE0BDF800C1369F /* FirebaseAuthCombine-Community in Frameworks */,
				3DB6A5A12AE0BDF800C1369F /* FirebasePerformance in Frameworks */,
				3DB6A5992AE0BDF800C1369F /* FirebaseInAppMessagingSwift-Beta in Frameworks */,
				6024772E2B517D40005A5167 /* GoogleSignInSwift in Frameworks */,
				3DB6A5A72AE0BDF800C1369F /* FirebaseStorage in Frameworks */,
				AE02ABED2B0C8A08004648F9 /* FLAnimatedImage in Frameworks */,
				3DB1FF192B25EB15009DDCCF /* Mixpanel in Frameworks */,
				3DB6A58B2AE0BDF800C1369F /* FirebaseDynamicLinks in Frameworks */,
				3DB6A58F2AE0BDF800C1369F /* FirebaseFirestoreCombine-Community in Frameworks */,
				3DB6A59F2AE0BDF800C1369F /* FirebaseMessaging in Frameworks */,
				3DB6A59B2AE0BDF800C1369F /* FirebaseInstallations in Frameworks */,
				60EEC2EF2B1223B10049DAFD /* KakaoSDKAuth in Frameworks */,
			);
			runOnlyForDeploymentPostprocessing = 0;
		};
/* End PBXFrameworksBuildPhase section */

/* Begin PBXGroup section */
		3D4412412AE388CC00FD5A51 /* Firestore */ = {
			isa = PBXGroup;
			children = (
				3D4412422AE388DB00FD5A51 /* UserManager.swift */,
				AEC260602AEA5A8000DF7CD5 /* StaticQuestionManager.swift */,
				3DF31B012B06685F00F0EA4E /* AnswerManager.swift */,
				3DF31B032B0669F900F0EA4E /* EssentialQuestionManager.swift */,
				603F04102C25F124008A2332 /* AnnouncementManager.swift */,
			);
			path = Firestore;
			sourceTree = "<group>";
		};
		3D4412762AE9F5C500FD5A51 /* Utilities */ = {
			isa = PBXGroup;
			children = (
				606AA7612AFA910100CA5EA6 /* AnswerStatus.swift */,
				3D7A163B2B2841E200A107E3 /* MixpanelManager.swift */,
				60797C202AF9DD7C005375DC /* Category.swift */,
				607DA2132AEFCF93005AE11C /* ConnectionError.swift */,
				3D4412772AE9F5E600FD5A51 /* ServiceWebURL.swift */,
				3D957EA62AF8E95F00D565E9 /* UserSexType.swift */,
				3DE945032AFA96C900CF7E33 /* ReactionType.swift */,
				3DF31BFF2B076F7500F0EA4E /* SignUpStep.swift */,
				3D4412592AE4F8B600FD5A51 /* WebView.swift */,
				60528FA82B0C97A900A29E6F /* ActiveSheet.swift */,
				3DD485E22B0B9BA500AF5E02 /* MarriageStatus.swift */,
				60A134632B103593002E0A9F /* ReactionStatus.swift */,
				3D7A16392B2840C600A107E3 /* ToastView.swift */,
			);
			path = Utilities;
			sourceTree = "<group>";
		};
		3D957E8A2AEE7EF300D565E9 /* Model */ = {
			isa = PBXGroup;
			children = (
				3D957E8B2AEE7F1000D565E9 /* DBUserModel.swift */,
				3D957E8D2AEE7F2E00D565E9 /* DBStaticQuestionModel.swift */,
				3D957E8F2AEE7F4800D565E9 /* DBAnswerModel.swift */,
				6086BAA82AF130A800E2DC3A /* DBEssentialQuestionModel.swift */,
				603F040E2C25EFE3008A2332 /* DBAnnouncementModel.swift */,
			);
			path = Model;
			sourceTree = "<group>";
		};
		3DB58C002B824ED300F40BA3 /* ConnectionShare */ = {
			isa = PBXGroup;
			children = (
				3DB58C012B824EE900F40BA3 /* KakaoShareManager.swift */,
			);
			path = ConnectionShare;
			sourceTree = "<group>";
		};
		3DB6A5AC2AE0C0B700C1369F /* Firebase */ = {
			isa = PBXGroup;
			children = (
				3DB58C002B824ED300F40BA3 /* ConnectionShare */,
				3D4412412AE388CC00FD5A51 /* Firestore */,
				3DB6A5B22AE11CBA00C1369F /* Authentication */,
				3D957E8A2AEE7EF300D565E9 /* Model */,
			);
			path = Firebase;
			sourceTree = "<group>";
		};
		3DB6A5B22AE11CBA00C1369F /* Authentication */ = {
			isa = PBXGroup;
			children = (
				3DB6A5B32AE11CCD00C1369F /* SignInAppleHelper.swift */,
				6024772F2B519927005A5167 /* SignInGoogleHelper.swift */,
				60EEC2F62B1231560049DAFD /* SignInKakaoHelper.swift */,
				3D4412482AE4C49700FD5A51 /* AuthenticationManager.swift */,
			);
			path = Authentication;
			sourceTree = "<group>";
		};
		3DD485E82B0C91B200AF5E02 /* WithdrawalMembership */ = {
			isa = PBXGroup;
			children = (
				3DD485E42B0C8B1B00AF5E02 /* WithdrawalMembershipView.swift */,
			);
			path = WithdrawalMembership;
			sourceTree = "<group>";
		};
		3DF31AD42B044DB100F0EA4E /* SignIn */ = {
			isa = PBXGroup;
			children = (
				3DF31AE62B0453DF00F0EA4E /* SignInView.swift */,
				3DB6A5B02AE11C2D00C1369F /* SignInViewModel.swift */,
				3DB6A5AD2AE0C12B00C1369F /* AppleLoginButtonViewRepresentable.swift */,
			);
			path = SignIn;
			sourceTree = "<group>";
		};
		3DF31AD62B044DFC00F0EA4E /* SignUp */ = {
			isa = PBXGroup;
			children = (
				3DF31AE82B0453E700F0EA4E /* SignUpView.swift */,
				3DF31B072B073CDE00F0EA4E /* SignUpContentView.swift */,
				3D44125B2AE4F91900FD5A51 /* EmbedWebView.swift */,
				3DF31B052B073CD000F0EA4E /* SignUpViewModel.swift */,
			);
			path = SignUp;
			sourceTree = "<group>";
		};
		3DF31AD72B044E4B00F0EA4E /* Main */ = {
			isa = PBXGroup;
			children = (
				3DF31AD82B044E6100F0EA4E /* QnAList */,
				3DF31ADA2B044EEE00F0EA4E /* CheckAnswer */,
				3DF31AD92B044EB200F0EA4E /* CreateAnswer */,
				3DF31ADB2B044F5700F0EA4E /* Menu */,
			);
			path = Main;
			sourceTree = "<group>";
		};
		3DF31AD82B044E6100F0EA4E /* QnAList */ = {
			isa = PBXGroup;
			children = (
				AE1AE9FA2AE51BF00010089F /* QnAListItem.swift */,
				3DF31AEA2B0453F400F0EA4E /* QnAListView.swift */,
				60678E292B09186F009B9558 /* QnAListViewModel.swift */,
			);
			path = QnAList;
			sourceTree = "<group>";
		};
		3DF31AD92B044EB200F0EA4E /* CreateAnswer */ = {
			isa = PBXGroup;
			children = (
				3DF31ADC2B044F9D00F0EA4E /* CategoryWaypoint */,
				3DF31ADD2B044FED00F0EA4E /* SelectQuestion */,
				3DF31ADE2B04500A00F0EA4E /* WriteAnswer */,
			);
			path = CreateAnswer;
			sourceTree = "<group>";
		};
		3DF31ADA2B044EEE00F0EA4E /* CheckAnswer */ = {
			isa = PBXGroup;
			children = (
				3DF31AEC2B0453FB00F0EA4E /* CheckAnswerView.swift */,
				60678E2B2B0AF43B009B9558 /* CheckAnswerViewModel.swift */,
				60678E2D2B0B00D4009B9558 /* SelectReactionView.swift */,
			);
			path = CheckAnswer;
			sourceTree = "<group>";
		};
		3DF31ADB2B044F5700F0EA4E /* Menu */ = {
			isa = PBXGroup;
			children = (
				3DF31ADF2B04503400F0EA4E /* ProfileMenu */,
				3DF31AE12B0450AF00F0EA4E /* Connection */,
				3DD485E82B0C91B200AF5E02 /* WithdrawalMembership */,
			);
			path = Menu;
			sourceTree = "<group>";
		};
		3DF31ADC2B044F9D00F0EA4E /* CategoryWaypoint */ = {
			isa = PBXGroup;
			children = (
				3DF31AEE2B04540800F0EA4E /* CategoryWaypointView.swift */,
				AE8CFC1A2B08B242000F452F /* CategoryWaypointViewModel.swift */,
			);
			path = CategoryWaypoint;
			sourceTree = "<group>";
		};
		3DF31ADD2B044FED00F0EA4E /* SelectQuestion */ = {
			isa = PBXGroup;
			children = (
				3DF31AF02B04541F00F0EA4E /* SelectQuestionView.swift */,
				AE8CFC1C2B08FFFB000F452F /* SelectQuestionViewModel.swift */,
			);
			path = SelectQuestion;
			sourceTree = "<group>";
		};
		3DF31ADE2B04500A00F0EA4E /* WriteAnswer */ = {
			isa = PBXGroup;
			children = (
				3DF31AF22B04544600F0EA4E /* WriteAnswerView.swift */,
				AE2F915B2B0B3D7800EE9C33 /* WriteAnswerViewModel.swift */,
			);
			path = WriteAnswer;
			sourceTree = "<group>";
		};
		3DF31ADF2B04503400F0EA4E /* ProfileMenu */ = {
			isa = PBXGroup;
			children = (
				3DF31AF42B04544E00F0EA4E /* ProfileMenuView.swift */,
				3DD485E02B0AFC7300AF5E02 /* ProfileMenuViewModel.swift */,
			);
			path = ProfileMenu;
			sourceTree = "<group>";
		};
		3DF31AE12B0450AF00F0EA4E /* Connection */ = {
			isa = PBXGroup;
			children = (
				3DF31AF82B04546700F0EA4E /* ConnectionView.swift */,
				3DD485F12B0DAAB300AF5E02 /* ConnectionViewModel.swift */,
				3DD485EF2B0D9E9E00AF5E02 /* ConnectedView.swift */,
				3DD485F32B0DAC5800AF5E02 /* ConnectingView.swift */,
			);
			path = Connection;
			sourceTree = "<group>";
		};
		6053F1632ADF7F3D0064A6E0 /* Presentation */ = {
			isa = PBXGroup;
			children = (
				3DF31AD42B044DB100F0EA4E /* SignIn */,
				3DF31AD62B044DFC00F0EA4E /* SignUp */,
				3DF31AD72B044E4B00F0EA4E /* Main */,
			);
			path = Presentation;
			sourceTree = "<group>";
		};
		AE2BB5F72AD66C0F0003CD85 /* Components */ = {
			isa = PBXGroup;
			children = (
				AEAB19362ADF77210057BC43 /* Buttons.swift */,
				AEB502632AE5FA840056E439 /* CustomNavigationBarModifier.swift */,
				607DA20D2AEF48AE005AE11C /* NavigationArrowLeft.swift */,
				6053F1752AE899320064A6E0 /* InputFields.swift */,
				6053F1612ADF6CDE0064A6E0 /* InputFieldModifier.swift */,
			);
			path = Components;
			sourceTree = "<group>";
		};
		AE7EE4D42AD6409000E0A573 = {
			isa = PBXGroup;
			children = (
				AE2BB5F32AD650680003CD85 /* .swiftlint.yml */,
				AE7EE4DF2AD6409000E0A573 /* ABloom */,
				AE7EE4DE2AD6409000E0A573 /* Products */,
			);
			sourceTree = "<group>";
		};
		AE7EE4DE2AD6409000E0A573 /* Products */ = {
			isa = PBXGroup;
			children = (
				AE7EE4DD2AD6409000E0A573 /* ABloom.app */,
			);
			name = Products;
			sourceTree = "<group>";
		};
		AE7EE4DF2AD6409000E0A573 /* ABloom */ = {
			isa = PBXGroup;
			children = (
				3DB6A5B52AE1278D00C1369F /* ABloom.entitlements */,
				AEC44E032AF628DF0021156E /* Launch Screen.storyboard */,
				AE8D3C5D2ADE1A22009899A7 /* Info.plist */,
				3DD4860E2B14910200AF5E02 /* Kakao-Info.plist */,
				AE7C26AE2BBC43C100427C54 /* GoogleService-Info.plist */,
				AEDFFECD2B51576300386BFD /* Mixpanel.plist */,
				AE7EE4E02AD6409000E0A573 /* ABloomApp.swift */,
				AE5EB9FA2AF1396C0074F361 /* AppDelegate.swift */,
				AEB502652AE61AD70056E439 /* Resources */,
				6053F1632ADF7F3D0064A6E0 /* Presentation */,
				3DB6A5AC2AE0C0B700C1369F /* Firebase */,
				AE7EE4E62AD6409100E0A573 /* Preview Content */,
			);
			path = ABloom;
			sourceTree = "<group>";
		};
		AE7EE4E62AD6409100E0A573 /* Preview Content */ = {
			isa = PBXGroup;
			children = (
				AE7EE4E72AD6409100E0A573 /* Preview Assets.xcassets */,
			);
			path = "Preview Content";
			sourceTree = "<group>";
		};
		AE8D3C4F2ADE19B4009899A7 /* Extensions */ = {
			isa = PBXGroup;
			children = (
				AE6ACF542AE0B49E0017088C /* Helpers.swift */,
				60EEC2FB2B125D210049DAFD /* Ex+Bundle.swift */,
				6053F15E2ADF6C3B0064A6E0 /* Ex+View.swift */,
				AE8D3C502ADE19E0009899A7 /* Ex+Font.swift */,
				3D957E862AEE5C5800D565E9 /* Ex+Query.swift */,
				3D957E9B2AEF998000D565E9 /* Ex+Sequence.swift */,
				607DA2172AF0B07D005AE11C /* Ex+Date.swift */,
				AE3BF1132AF49986009A2FB1 /* Ex+UINavigation.swift */,
				3D957EA42AF6B66D00D565E9 /* Ex+UIApplication.swift */,
				AE6B41042AFC618B00A7483E /* Ex+String.swift */,
				AEE092902B0AF5270076E7B7 /* Ex+Color.swift */,
			);
			path = Extensions;
			sourceTree = "<group>";
		};
		AE8D3C522ADE19F2009899A7 /* Fonts */ = {
			isa = PBXGroup;
			children = (
				608061E52B5A61FC006A7693 /* NPSfont_regular.ttf */,
				AEBDE5632B06FC46005711BF /* NanumSquareNeo-aLt.ttf */,
				AEBDE5662B06FC46005711BF /* NanumSquareNeo-bRg.ttf */,
				AEBDE5652B06FC46005711BF /* NanumSquareNeo-cBd.ttf */,
				AEBDE5642B06FC46005711BF /* NanumSquareNeo-dEb.ttf */,
				AEBDE5672B06FC46005711BF /* NanumSquareNeo-eHv.ttf */,
			);
			path = Fonts;
			sourceTree = "<group>";
		};
		AEB502652AE61AD70056E439 /* Resources */ = {
			isa = PBXGroup;
			children = (
				3D44126A2AE6246100FD5A51 /* Assets.xcassets */,
				AE8D3C522ADE19F2009899A7 /* Fonts */,
				AE8D3C4F2ADE19B4009899A7 /* Extensions */,
				AE2BB5F72AD66C0F0003CD85 /* Components */,
				3D4412762AE9F5C500FD5A51 /* Utilities */,
			);
			path = Resources;
			sourceTree = "<group>";
		};
/* End PBXGroup section */

/* Begin PBXNativeTarget section */
		AE7EE4DC2AD6409000E0A573 /* ABloom */ = {
			isa = PBXNativeTarget;
			buildConfigurationList = AE7EE4EB2AD6409100E0A573 /* Build configuration list for PBXNativeTarget "ABloom" */;
			buildPhases = (
				AE7EE4F12AD642C200E0A573 /* SwiftLint Script */,
				AE7EE4D92AD6409000E0A573 /* Sources */,
				AE7EE4DA2AD6409000E0A573 /* Frameworks */,
				AE7EE4DB2AD6409000E0A573 /* Resources */,
			);
			buildRules = (
			);
			dependencies = (
			);
			name = ABloom;
			packageProductDependencies = (
				3DB6A5742AE0BDF800C1369F /* FirebaseAnalytics */,
				3DB6A5762AE0BDF800C1369F /* FirebaseAnalyticsOnDeviceConversion */,
				3DB6A5782AE0BDF800C1369F /* FirebaseAnalyticsSwift */,
				3DB6A57A2AE0BDF800C1369F /* FirebaseAnalyticsWithoutAdIdSupport */,
				3DB6A57C2AE0BDF800C1369F /* FirebaseAppCheck */,
				3DB6A57E2AE0BDF800C1369F /* FirebaseAppDistribution-Beta */,
				3DB6A5802AE0BDF800C1369F /* FirebaseAuth */,
				3DB6A5822AE0BDF800C1369F /* FirebaseAuthCombine-Community */,
				3DB6A5842AE0BDF800C1369F /* FirebaseCrashlytics */,
				3DB6A5862AE0BDF800C1369F /* FirebaseDatabase */,
				3DB6A5882AE0BDF800C1369F /* FirebaseDatabaseSwift */,
				3DB6A58A2AE0BDF800C1369F /* FirebaseDynamicLinks */,
				3DB6A58C2AE0BDF800C1369F /* FirebaseFirestore */,
				3DB6A58E2AE0BDF800C1369F /* FirebaseFirestoreCombine-Community */,
				3DB6A5902AE0BDF800C1369F /* FirebaseFirestoreSwift */,
				3DB6A5922AE0BDF800C1369F /* FirebaseFunctions */,
				3DB6A5942AE0BDF800C1369F /* FirebaseFunctionsCombine-Community */,
				3DB6A5962AE0BDF800C1369F /* FirebaseInAppMessaging-Beta */,
				3DB6A5982AE0BDF800C1369F /* FirebaseInAppMessagingSwift-Beta */,
				3DB6A59A2AE0BDF800C1369F /* FirebaseInstallations */,
				3DB6A59C2AE0BDF800C1369F /* FirebaseMLModelDownloader */,
				3DB6A59E2AE0BDF800C1369F /* FirebaseMessaging */,
				3DB6A5A02AE0BDF800C1369F /* FirebasePerformance */,
				3DB6A5A22AE0BDF800C1369F /* FirebaseRemoteConfig */,
				3DB6A5A42AE0BDF800C1369F /* FirebaseRemoteConfigSwift */,
				3DB6A5A62AE0BDF800C1369F /* FirebaseStorage */,
				3DB6A5A82AE0BDF800C1369F /* FirebaseStorageCombine-Community */,
				AE02ABEC2B0C8A08004648F9 /* FLAnimatedImage */,
				60EEC2EC2B1223B10049DAFD /* KakaoSDK */,
				60EEC2EE2B1223B10049DAFD /* KakaoSDKAuth */,
				60EEC2F02B1223B10049DAFD /* KakaoSDKCert */,
				60EEC2F22B1223B10049DAFD /* KakaoSDKCertCore */,
				60EEC2F42B1223B10049DAFD /* KakaoSDKCommon */,
				3DB1FF182B25EB15009DDCCF /* Mixpanel */,
				6024772B2B517D40005A5167 /* GoogleSignIn */,
				6024772D2B517D40005A5167 /* GoogleSignInSwift */,
			);
			productName = ABloom;
			productReference = AE7EE4DD2AD6409000E0A573 /* ABloom.app */;
			productType = "com.apple.product-type.application";
		};
/* End PBXNativeTarget section */

/* Begin PBXProject section */
		AE7EE4D52AD6409000E0A573 /* Project object */ = {
			isa = PBXProject;
			attributes = {
				BuildIndependentTargetsInParallel = 1;
				LastSwiftUpdateCheck = 1500;
				LastUpgradeCheck = 1500;
				TargetAttributes = {
					AE7EE4DC2AD6409000E0A573 = {
						CreatedOnToolsVersion = 15.0;
					};
				};
			};
			buildConfigurationList = AE7EE4D82AD6409000E0A573 /* Build configuration list for PBXProject "ABloom" */;
			compatibilityVersion = "Xcode 14.0";
			developmentRegion = ko;
			hasScannedForEncodings = 0;
			knownRegions = (
				en,
				ko,
				Base,
			);
			mainGroup = AE7EE4D42AD6409000E0A573;
			packageReferences = (
				3DB6A5732AE0BDF800C1369F /* XCRemoteSwiftPackageReference "firebase-ios-sdk" */,
				AE02ABEB2B0C8A08004648F9 /* XCRemoteSwiftPackageReference "FLAnimatedImage" */,
				60EEC2EB2B1223B10049DAFD /* XCRemoteSwiftPackageReference "kakao-ios-sdk" */,
				3DB1FF172B25EB15009DDCCF /* XCRemoteSwiftPackageReference "mixpanel-swift" */,
				6024772A2B517D40005A5167 /* XCRemoteSwiftPackageReference "GoogleSignIn-iOS" */,
			);
			productRefGroup = AE7EE4DE2AD6409000E0A573 /* Products */;
			projectDirPath = "";
			projectRoot = "";
			targets = (
				AE7EE4DC2AD6409000E0A573 /* ABloom */,
			);
		};
/* End PBXProject section */

/* Begin PBXResourcesBuildPhase section */
		AE7EE4DB2AD6409000E0A573 /* Resources */ = {
			isa = PBXResourcesBuildPhase;
			buildActionMask = 2147483647;
			files = (
				AEBDE56A2B06FC46005711BF /* NanumSquareNeo-cBd.ttf in Resources */,
				AEBDE5682B06FC46005711BF /* NanumSquareNeo-aLt.ttf in Resources */,
				AEDFFECE2B51576300386BFD /* Mixpanel.plist in Resources */,
				AEBDE5692B06FC46005711BF /* NanumSquareNeo-dEb.ttf in Resources */,
				608061E62B5A61FC006A7693 /* NPSfont_regular.ttf in Resources */,
				AE2BB5F42AD650680003CD85 /* .swiftlint.yml in Resources */,
				3DD4860F2B14910200AF5E02 /* Kakao-Info.plist in Resources */,
				AE7EE4E82AD6409100E0A573 /* Preview Assets.xcassets in Resources */,
				AEBDE56B2B06FC46005711BF /* NanumSquareNeo-bRg.ttf in Resources */,
				3D44126B2AE6246100FD5A51 /* Assets.xcassets in Resources */,
				AEBDE56C2B06FC46005711BF /* NanumSquareNeo-eHv.ttf in Resources */,
				AEC44E042AF628DF0021156E /* Launch Screen.storyboard in Resources */,
				AE7C26AF2BBC43C100427C54 /* GoogleService-Info.plist in Resources */,
			);
			runOnlyForDeploymentPostprocessing = 0;
		};
/* End PBXResourcesBuildPhase section */

/* Begin PBXShellScriptBuildPhase section */
		AE7EE4F12AD642C200E0A573 /* SwiftLint Script */ = {
			isa = PBXShellScriptBuildPhase;
			alwaysOutOfDate = 1;
			buildActionMask = 2147483647;
			files = (
			);
			inputFileListPaths = (
			);
			inputPaths = (
			);
			name = "SwiftLint Script";
			outputFileListPaths = (
			);
			outputPaths = (
			);
			runOnlyForDeploymentPostprocessing = 0;
			shellPath = /bin/sh;
			shellScript = "# Type a script or drag a script file from your workspace to insert its path.\nexport PATH=\"$PATH:/opt/homebrew/bin\"\n\nif which swiftlint >/dev/null; then\n  swiftlint #--fix && swiftlint\nelse\n  echo \"warning: SwiftLint not installed, download from https://github.com/realm/SwiftLint\"\nfi\n";
		};
/* End PBXShellScriptBuildPhase section */

/* Begin PBXSourcesBuildPhase section */
		AE7EE4D92AD6409000E0A573 /* Sources */ = {
			isa = PBXSourcesBuildPhase;
			buildActionMask = 2147483647;
			files = (
				3D957E8C2AEE7F1000D565E9 /* DBUserModel.swift in Sources */,
				AEE092912B0AF5270076E7B7 /* Ex+Color.swift in Sources */,
				3D7A163C2B2841E200A107E3 /* MixpanelManager.swift in Sources */,
				3D957E872AEE5C5800D565E9 /* Ex+Query.swift in Sources */,
				3D4412782AE9F5E600FD5A51 /* ServiceWebURL.swift in Sources */,
				AE8CFC1B2B08B242000F452F /* CategoryWaypointViewModel.swift in Sources */,
				3DF31AEB2B0453F400F0EA4E /* QnAListView.swift in Sources */,
				AE8D3C512ADE19E0009899A7 /* Ex+Font.swift in Sources */,
				3D4412492AE4C49700FD5A51 /* AuthenticationManager.swift in Sources */,
				60A134642B103593002E0A9F /* ReactionStatus.swift in Sources */,
				AE8D3C512ADE19E0009899A7 /* Ex+Font.swift in Sources */,
				3DF31AED2B0453FB00F0EA4E /* CheckAnswerView.swift in Sources */,
				3DF31AF32B04544600F0EA4E /* WriteAnswerView.swift in Sources */,
				3DF31AEF2B04540800F0EA4E /* CategoryWaypointView.swift in Sources */,
				606AA7622AFA910100CA5EA6 /* AnswerStatus.swift in Sources */,
				3DF31AE72B0453DF00F0EA4E /* SignInView.swift in Sources */,
				60EEC2FC2B125D210049DAFD /* Ex+Bundle.swift in Sources */,
				3DF31AE92B0453E700F0EA4E /* SignUpView.swift in Sources */,
				3D957E9C2AEF998000D565E9 /* Ex+Sequence.swift in Sources */,
				6053F1762AE899320064A6E0 /* InputFields.swift in Sources */,
				60678E2C2B0AF43B009B9558 /* CheckAnswerViewModel.swift in Sources */,
				60678E2E2B0B00D4009B9558 /* SelectReactionView.swift in Sources */,
				6086BAA92AF130A800E2DC3A /* DBEssentialQuestionModel.swift in Sources */,
				AE8CFC1D2B08FFFB000F452F /* SelectQuestionViewModel.swift in Sources */,
				AE1AE9FB2AE51BF00010089F /* QnAListItem.swift in Sources */,
				60678E2A2B09186F009B9558 /* QnAListViewModel.swift in Sources */,
				3DF31B022B06685F00F0EA4E /* AnswerManager.swift in Sources */,
				AE8D3C512ADE19E0009899A7 /* Ex+Font.swift in Sources */,
				607DA2182AF0B07D005AE11C /* Ex+Date.swift in Sources */,
				3D44125A2AE4F8B600FD5A51 /* WebView.swift in Sources */,
				3DF31C002B076F7500F0EA4E /* SignUpStep.swift in Sources */,
				3DD485F22B0DAAB300AF5E02 /* ConnectionViewModel.swift in Sources */,
				3DB58C022B824EE900F40BA3 /* KakaoShareManager.swift in Sources */,
				AEB502642AE5FA840056E439 /* CustomNavigationBarModifier.swift in Sources */,
				3DD485F42B0DAC5800AF5E02 /* ConnectingView.swift in Sources */,
				602477302B519927005A5167 /* SignInGoogleHelper.swift in Sources */,
				3DE945042AFA96C900CF7E33 /* ReactionType.swift in Sources */,
				3D957E902AEE7F4800D565E9 /* DBAnswerModel.swift in Sources */,
				607DA2142AEFCF93005AE11C /* ConnectionError.swift in Sources */,
				60678E352B0B8943009B9558 /* AppleLoginButtonViewRepresentable.swift in Sources */,
				3DF31BFE2B074BB800F0EA4E /* SelectQuestionView.swift in Sources */,
				60797C212AF9DD7C005375DC /* Category.swift in Sources */,
				3D7A163A2B2840C600A107E3 /* ToastView.swift in Sources */,
				60528FA92B0C97A900A29E6F /* ActiveSheet.swift in Sources */,
				3DF31B082B073CDE00F0EA4E /* SignUpContentView.swift in Sources */,
				3DD485E32B0B9BA500AF5E02 /* MarriageStatus.swift in Sources */,
				AEAB19372ADF77210057BC43 /* Buttons.swift in Sources */,
				AE7EE4E12AD6409000E0A573 /* ABloomApp.swift in Sources */,
				3DF31B042B0669F900F0EA4E /* EssentialQuestionManager.swift in Sources */,
				3D957EA52AF6B66D00D565E9 /* Ex+UIApplication.swift in Sources */,
				603F04112C25F124008A2332 /* AnnouncementManager.swift in Sources */,
				6053F15F2ADF6C3B0064A6E0 /* Ex+View.swift in Sources */,
				AE5EB9FB2AF1396C0074F361 /* AppDelegate.swift in Sources */,
				3DF31AF92B04546700F0EA4E /* ConnectionView.swift in Sources */,
				6053F1622ADF6CDE0064A6E0 /* InputFieldModifier.swift in Sources */,
				3DF31C012B07729200F0EA4E /* EmbedWebView.swift in Sources */,
				3D957EA72AF8E95F00D565E9 /* UserSexType.swift in Sources */,
				60678E342B0B8843009B9558 /* SignInViewModel.swift in Sources */,
				603F040F2C25EFE3008A2332 /* DBAnnouncementModel.swift in Sources */,
				3DB6A5B42AE11CCD00C1369F /* SignInAppleHelper.swift in Sources */,
				AE3BF1142AF49986009A2FB1 /* Ex+UINavigation.swift in Sources */,
				607DA20E2AEF48AE005AE11C /* NavigationArrowLeft.swift in Sources */,
				3DF31AF52B04544E00F0EA4E /* ProfileMenuView.swift in Sources */,
				AEC260612AEA5A8000DF7CD5 /* StaticQuestionManager.swift in Sources */,
				3D4412432AE388DB00FD5A51 /* UserManager.swift in Sources */,
				3DD485E12B0AFC7300AF5E02 /* ProfileMenuViewModel.swift in Sources */,
				3DD485F02B0D9E9E00AF5E02 /* ConnectedView.swift in Sources */,
				3DF31B062B073CD000F0EA4E /* SignUpViewModel.swift in Sources */,
				AE2F915C2B0B3D7800EE9C33 /* WriteAnswerViewModel.swift in Sources */,
				AE6ACF552AE0B49E0017088C /* Helpers.swift in Sources */,
				AE6B41052AFC618B00A7483E /* Ex+String.swift in Sources */,
				60EEC2F72B1231560049DAFD /* SignInKakaoHelper.swift in Sources */,
				3D957E8E2AEE7F2E00D565E9 /* DBStaticQuestionModel.swift in Sources */,
				3DD485E52B0C8B1B00AF5E02 /* WithdrawalMembershipView.swift in Sources */,
			);
			runOnlyForDeploymentPostprocessing = 0;
		};
/* End PBXSourcesBuildPhase section */

/* Begin XCBuildConfiguration section */
		AE7EE4E92AD6409100E0A573 /* Debug */ = {
			isa = XCBuildConfiguration;
			buildSettings = {
				ALWAYS_SEARCH_USER_PATHS = NO;
				ASSETCATALOG_COMPILER_GENERATE_SWIFT_ASSET_SYMBOL_EXTENSIONS = YES;
				CLANG_ANALYZER_NONNULL = YES;
				CLANG_ANALYZER_NUMBER_OBJECT_CONVERSION = YES_AGGRESSIVE;
				CLANG_CXX_LANGUAGE_STANDARD = "gnu++20";
				CLANG_ENABLE_MODULES = YES;
				CLANG_ENABLE_OBJC_ARC = YES;
				CLANG_ENABLE_OBJC_WEAK = YES;
				CLANG_WARN_BLOCK_CAPTURE_AUTORELEASING = YES;
				CLANG_WARN_BOOL_CONVERSION = YES;
				CLANG_WARN_COMMA = YES;
				CLANG_WARN_CONSTANT_CONVERSION = YES;
				CLANG_WARN_DEPRECATED_OBJC_IMPLEMENTATIONS = YES;
				CLANG_WARN_DIRECT_OBJC_ISA_USAGE = YES_ERROR;
				CLANG_WARN_DOCUMENTATION_COMMENTS = YES;
				CLANG_WARN_EMPTY_BODY = YES;
				CLANG_WARN_ENUM_CONVERSION = YES;
				CLANG_WARN_INFINITE_RECURSION = YES;
				CLANG_WARN_INT_CONVERSION = YES;
				CLANG_WARN_NON_LITERAL_NULL_CONVERSION = YES;
				CLANG_WARN_OBJC_IMPLICIT_RETAIN_SELF = YES;
				CLANG_WARN_OBJC_LITERAL_CONVERSION = YES;
				CLANG_WARN_OBJC_ROOT_CLASS = YES_ERROR;
				CLANG_WARN_QUOTED_INCLUDE_IN_FRAMEWORK_HEADER = YES;
				CLANG_WARN_RANGE_LOOP_ANALYSIS = YES;
				CLANG_WARN_STRICT_PROTOTYPES = YES;
				CLANG_WARN_SUSPICIOUS_MOVE = YES;
				CLANG_WARN_UNGUARDED_AVAILABILITY = YES_AGGRESSIVE;
				CLANG_WARN_UNREACHABLE_CODE = YES;
				CLANG_WARN__DUPLICATE_METHOD_MATCH = YES;
				COPY_PHASE_STRIP = NO;
				DEBUG_INFORMATION_FORMAT = dwarf;
				ENABLE_STRICT_OBJC_MSGSEND = YES;
				ENABLE_TESTABILITY = YES;
				ENABLE_USER_SCRIPT_SANDBOXING = YES;
				GCC_C_LANGUAGE_STANDARD = gnu17;
				GCC_DYNAMIC_NO_PIC = NO;
				GCC_NO_COMMON_BLOCKS = YES;
				GCC_OPTIMIZATION_LEVEL = 0;
				GCC_PREPROCESSOR_DEFINITIONS = (
					"DEBUG=1",
					"$(inherited)",
				);
				GCC_WARN_64_TO_32_BIT_CONVERSION = YES;
				GCC_WARN_ABOUT_RETURN_TYPE = YES_ERROR;
				GCC_WARN_UNDECLARED_SELECTOR = YES;
				GCC_WARN_UNINITIALIZED_AUTOS = YES_AGGRESSIVE;
				GCC_WARN_UNUSED_FUNCTION = YES;
				GCC_WARN_UNUSED_VARIABLE = YES;
				IPHONEOS_DEPLOYMENT_TARGET = 16.0;
				LOCALIZATION_PREFERS_STRING_CATALOGS = YES;
				MTL_ENABLE_DEBUG_INFO = INCLUDE_SOURCE;
				MTL_FAST_MATH = YES;
				ONLY_ACTIVE_ARCH = YES;
				SDKROOT = iphoneos;
				SWIFT_ACTIVE_COMPILATION_CONDITIONS = "DEBUG $(inherited)";
				SWIFT_OPTIMIZATION_LEVEL = "-Onone";
			};
			name = Debug;
		};
		AE7EE4EA2AD6409100E0A573 /* Release */ = {
			isa = XCBuildConfiguration;
			buildSettings = {
				ALWAYS_SEARCH_USER_PATHS = NO;
				ASSETCATALOG_COMPILER_GENERATE_SWIFT_ASSET_SYMBOL_EXTENSIONS = YES;
				CLANG_ANALYZER_NONNULL = YES;
				CLANG_ANALYZER_NUMBER_OBJECT_CONVERSION = YES_AGGRESSIVE;
				CLANG_CXX_LANGUAGE_STANDARD = "gnu++20";
				CLANG_ENABLE_MODULES = YES;
				CLANG_ENABLE_OBJC_ARC = YES;
				CLANG_ENABLE_OBJC_WEAK = YES;
				CLANG_WARN_BLOCK_CAPTURE_AUTORELEASING = YES;
				CLANG_WARN_BOOL_CONVERSION = YES;
				CLANG_WARN_COMMA = YES;
				CLANG_WARN_CONSTANT_CONVERSION = YES;
				CLANG_WARN_DEPRECATED_OBJC_IMPLEMENTATIONS = YES;
				CLANG_WARN_DIRECT_OBJC_ISA_USAGE = YES_ERROR;
				CLANG_WARN_DOCUMENTATION_COMMENTS = YES;
				CLANG_WARN_EMPTY_BODY = YES;
				CLANG_WARN_ENUM_CONVERSION = YES;
				CLANG_WARN_INFINITE_RECURSION = YES;
				CLANG_WARN_INT_CONVERSION = YES;
				CLANG_WARN_NON_LITERAL_NULL_CONVERSION = YES;
				CLANG_WARN_OBJC_IMPLICIT_RETAIN_SELF = YES;
				CLANG_WARN_OBJC_LITERAL_CONVERSION = YES;
				CLANG_WARN_OBJC_ROOT_CLASS = YES_ERROR;
				CLANG_WARN_QUOTED_INCLUDE_IN_FRAMEWORK_HEADER = YES;
				CLANG_WARN_RANGE_LOOP_ANALYSIS = YES;
				CLANG_WARN_STRICT_PROTOTYPES = YES;
				CLANG_WARN_SUSPICIOUS_MOVE = YES;
				CLANG_WARN_UNGUARDED_AVAILABILITY = YES_AGGRESSIVE;
				CLANG_WARN_UNREACHABLE_CODE = YES;
				CLANG_WARN__DUPLICATE_METHOD_MATCH = YES;
				COPY_PHASE_STRIP = NO;
				DEBUG_INFORMATION_FORMAT = "dwarf-with-dsym";
				ENABLE_NS_ASSERTIONS = NO;
				ENABLE_STRICT_OBJC_MSGSEND = YES;
				ENABLE_USER_SCRIPT_SANDBOXING = YES;
				GCC_C_LANGUAGE_STANDARD = gnu17;
				GCC_NO_COMMON_BLOCKS = YES;
				GCC_WARN_64_TO_32_BIT_CONVERSION = YES;
				GCC_WARN_ABOUT_RETURN_TYPE = YES_ERROR;
				GCC_WARN_UNDECLARED_SELECTOR = YES;
				GCC_WARN_UNINITIALIZED_AUTOS = YES_AGGRESSIVE;
				GCC_WARN_UNUSED_FUNCTION = YES;
				GCC_WARN_UNUSED_VARIABLE = YES;
				IPHONEOS_DEPLOYMENT_TARGET = 16.0;
				LOCALIZATION_PREFERS_STRING_CATALOGS = YES;
				MTL_ENABLE_DEBUG_INFO = NO;
				MTL_FAST_MATH = YES;
				SDKROOT = iphoneos;
				SWIFT_COMPILATION_MODE = wholemodule;
				VALIDATE_PRODUCT = YES;
			};
			name = Release;
		};
		AE7EE4EC2AD6409100E0A573 /* Debug */ = {
			isa = XCBuildConfiguration;
			buildSettings = {
				ASSETCATALOG_COMPILER_APPICON_NAME = AppIcon;
				ASSETCATALOG_COMPILER_GLOBAL_ACCENT_COLOR_NAME = AccentColor;
				CODE_SIGN_ENTITLEMENTS = ABloom/ABloom.entitlements;
				"CODE_SIGN_IDENTITY[sdk=iphoneos*]" = "iPhone Developer";
				CODE_SIGN_STYLE = Manual;
				CURRENT_PROJECT_VERSION = 1;
				DEVELOPMENT_ASSET_PATHS = "\"ABloom/Preview Content\"";
				DEVELOPMENT_TEAM = "";
				"DEVELOPMENT_TEAM[sdk=iphoneos*]" = G7X65ZSJ3J;
				ENABLE_PREVIEWS = YES;
				ENABLE_USER_SCRIPT_SANDBOXING = NO;
				GENERATE_INFOPLIST_FILE = YES;
				INFOPLIST_FILE = ABloom/Info.plist;
				INFOPLIST_KEY_CFBundleDisplayName = "메리";
				INFOPLIST_KEY_LSApplicationCategoryType = "public.app-category.lifestyle";
				INFOPLIST_KEY_NSPhotoLibraryUsageDescription = "예랑이/예신이와 함께 찍은 사진이 담긴 나만의 홈화면을 만들기 위해 사진 라이브러리에 접근하도록 허용합니다.";
				INFOPLIST_KEY_UIApplicationSceneManifest_Generation = YES;
				INFOPLIST_KEY_UIApplicationSupportsIndirectInputEvents = YES;
				INFOPLIST_KEY_UILaunchStoryboardName = "Launch Screen.storyboard";
				INFOPLIST_KEY_UISupportedInterfaceOrientations = "UIInterfaceOrientationPortrait UIInterfaceOrientationPortraitUpsideDown";
				INFOPLIST_KEY_UISupportedInterfaceOrientations_iPad = "UIInterfaceOrientationLandscapeLeft UIInterfaceOrientationLandscapeRight UIInterfaceOrientationPortrait UIInterfaceOrientationPortraitUpsideDown";
				INFOPLIST_KEY_UIUserInterfaceStyle = Light;
				IPHONEOS_DEPLOYMENT_TARGET = 16.0;
				LD_RUNPATH_SEARCH_PATHS = (
					"$(inherited)",
					"@executable_path/Frameworks",
				);
				MARKETING_VERSION = 2.0.4;
				PRODUCT_BUNDLE_IDENTIFIER = com.abloom.ABloom;
				PRODUCT_NAME = "$(TARGET_NAME)";
				PROVISIONING_PROFILE_SPECIFIER = "";
				"PROVISIONING_PROFILE_SPECIFIER[sdk=iphoneos*]" = "MERY Dev";
				SUPPORTED_PLATFORMS = "iphoneos iphonesimulator";
				SUPPORTS_MACCATALYST = NO;
				SWIFT_EMIT_LOC_STRINGS = YES;
				SWIFT_VERSION = 5.0;
				TARGETED_DEVICE_FAMILY = 1;
			};
			name = Debug;
		};
		AE7EE4ED2AD6409100E0A573 /* Release */ = {
			isa = XCBuildConfiguration;
			buildSettings = {
				ASSETCATALOG_COMPILER_APPICON_NAME = AppIcon;
				ASSETCATALOG_COMPILER_GLOBAL_ACCENT_COLOR_NAME = AccentColor;
				CODE_SIGN_ENTITLEMENTS = ABloom/ABloom.entitlements;
				CODE_SIGN_IDENTITY = "Apple Development";
				"CODE_SIGN_IDENTITY[sdk=iphoneos*]" = "iPhone Developer";
				CODE_SIGN_STYLE = Manual;
				CURRENT_PROJECT_VERSION = 1;
				DEVELOPMENT_ASSET_PATHS = "\"ABloom/Preview Content\"";
				DEVELOPMENT_TEAM = "";
				"DEVELOPMENT_TEAM[sdk=iphoneos*]" = G7X65ZSJ3J;
				ENABLE_PREVIEWS = YES;
				ENABLE_USER_SCRIPT_SANDBOXING = NO;
				GENERATE_INFOPLIST_FILE = YES;
				INFOPLIST_FILE = ABloom/Info.plist;
				INFOPLIST_KEY_CFBundleDisplayName = "메리";
				INFOPLIST_KEY_LSApplicationCategoryType = "public.app-category.lifestyle";
				INFOPLIST_KEY_NSPhotoLibraryUsageDescription = "예랑이/예신이와 함께 찍은 사진이 담긴 나만의 홈화면을 만들기 위해 사진 라이브러리에 접근하도록 허용합니다.";
				INFOPLIST_KEY_UIApplicationSceneManifest_Generation = YES;
				INFOPLIST_KEY_UIApplicationSupportsIndirectInputEvents = YES;
				INFOPLIST_KEY_UILaunchStoryboardName = "Launch Screen.storyboard";
				INFOPLIST_KEY_UISupportedInterfaceOrientations = "UIInterfaceOrientationPortrait UIInterfaceOrientationPortraitUpsideDown";
				INFOPLIST_KEY_UISupportedInterfaceOrientations_iPad = "UIInterfaceOrientationLandscapeLeft UIInterfaceOrientationLandscapeRight UIInterfaceOrientationPortrait UIInterfaceOrientationPortraitUpsideDown";
				INFOPLIST_KEY_UIUserInterfaceStyle = Light;
				IPHONEOS_DEPLOYMENT_TARGET = 16.0;
				LD_RUNPATH_SEARCH_PATHS = (
					"$(inherited)",
					"@executable_path/Frameworks",
				);
				MARKETING_VERSION = 2.0.4;
				PRODUCT_BUNDLE_IDENTIFIER = com.abloom.ABloom;
				PRODUCT_NAME = "$(TARGET_NAME)";
				PROVISIONING_PROFILE_SPECIFIER = "";
				"PROVISIONING_PROFILE_SPECIFIER[sdk=iphoneos*]" = "MERY Dev";
				SUPPORTED_PLATFORMS = "iphoneos iphonesimulator";
				SUPPORTS_MACCATALYST = NO;
				SWIFT_EMIT_LOC_STRINGS = YES;
				SWIFT_VERSION = 5.0;
				TARGETED_DEVICE_FAMILY = 1;
			};
			name = Release;
		};
/* End XCBuildConfiguration section */

/* Begin XCConfigurationList section */
		AE7EE4D82AD6409000E0A573 /* Build configuration list for PBXProject "ABloom" */ = {
			isa = XCConfigurationList;
			buildConfigurations = (
				AE7EE4E92AD6409100E0A573 /* Debug */,
				AE7EE4EA2AD6409100E0A573 /* Release */,
			);
			defaultConfigurationIsVisible = 0;
			defaultConfigurationName = Release;
		};
		AE7EE4EB2AD6409100E0A573 /* Build configuration list for PBXNativeTarget "ABloom" */ = {
			isa = XCConfigurationList;
			buildConfigurations = (
				AE7EE4EC2AD6409100E0A573 /* Debug */,
				AE7EE4ED2AD6409100E0A573 /* Release */,
			);
			defaultConfigurationIsVisible = 0;
			defaultConfigurationName = Release;
		};
/* End XCConfigurationList section */

/* Begin XCRemoteSwiftPackageReference section */
		3DB1FF172B25EB15009DDCCF /* XCRemoteSwiftPackageReference "mixpanel-swift" */ = {
			isa = XCRemoteSwiftPackageReference;
			repositoryURL = "https://github.com/mixpanel/mixpanel-swift";
			requirement = {
				branch = master;
				kind = branch;
			};
		};
		3DB6A5732AE0BDF800C1369F /* XCRemoteSwiftPackageReference "firebase-ios-sdk" */ = {
			isa = XCRemoteSwiftPackageReference;
			repositoryURL = "https://github.com/firebase/firebase-ios-sdk";
			requirement = {
				kind = upToNextMajorVersion;
				minimumVersion = 10.16.0;
			};
		};
		6024772A2B517D40005A5167 /* XCRemoteSwiftPackageReference "GoogleSignIn-iOS" */ = {
			isa = XCRemoteSwiftPackageReference;
			repositoryURL = "https://github.com/google/GoogleSignIn-iOS";
			requirement = {
				kind = upToNextMajorVersion;
				minimumVersion = 7.0.0;
			};
		};
		60EEC2EB2B1223B10049DAFD /* XCRemoteSwiftPackageReference "kakao-ios-sdk" */ = {
			isa = XCRemoteSwiftPackageReference;
			repositoryURL = "https://github.com/kakao/kakao-ios-sdk";
			requirement = {
				kind = upToNextMajorVersion;
				minimumVersion = 2.19.0;
			};
		};
		AE02ABEB2B0C8A08004648F9 /* XCRemoteSwiftPackageReference "FLAnimatedImage" */ = {
			isa = XCRemoteSwiftPackageReference;
			repositoryURL = "https://github.com/Flipboard/FLAnimatedImage";
			requirement = {
				kind = upToNextMajorVersion;
				minimumVersion = 1.0.17;
			};
		};
/* End XCRemoteSwiftPackageReference section */

/* Begin XCSwiftPackageProductDependency section */
		3DB1FF182B25EB15009DDCCF /* Mixpanel */ = {
			isa = XCSwiftPackageProductDependency;
			package = 3DB1FF172B25EB15009DDCCF /* XCRemoteSwiftPackageReference "mixpanel-swift" */;
			productName = Mixpanel;
		};
		3DB6A5742AE0BDF800C1369F /* FirebaseAnalytics */ = {
			isa = XCSwiftPackageProductDependency;
			package = 3DB6A5732AE0BDF800C1369F /* XCRemoteSwiftPackageReference "firebase-ios-sdk" */;
			productName = FirebaseAnalytics;
		};
		3DB6A5762AE0BDF800C1369F /* FirebaseAnalyticsOnDeviceConversion */ = {
			isa = XCSwiftPackageProductDependency;
			package = 3DB6A5732AE0BDF800C1369F /* XCRemoteSwiftPackageReference "firebase-ios-sdk" */;
			productName = FirebaseAnalyticsOnDeviceConversion;
		};
		3DB6A5782AE0BDF800C1369F /* FirebaseAnalyticsSwift */ = {
			isa = XCSwiftPackageProductDependency;
			package = 3DB6A5732AE0BDF800C1369F /* XCRemoteSwiftPackageReference "firebase-ios-sdk" */;
			productName = FirebaseAnalyticsSwift;
		};
		3DB6A57A2AE0BDF800C1369F /* FirebaseAnalyticsWithoutAdIdSupport */ = {
			isa = XCSwiftPackageProductDependency;
			package = 3DB6A5732AE0BDF800C1369F /* XCRemoteSwiftPackageReference "firebase-ios-sdk" */;
			productName = FirebaseAnalyticsWithoutAdIdSupport;
		};
		3DB6A57C2AE0BDF800C1369F /* FirebaseAppCheck */ = {
			isa = XCSwiftPackageProductDependency;
			package = 3DB6A5732AE0BDF800C1369F /* XCRemoteSwiftPackageReference "firebase-ios-sdk" */;
			productName = FirebaseAppCheck;
		};
		3DB6A57E2AE0BDF800C1369F /* FirebaseAppDistribution-Beta */ = {
			isa = XCSwiftPackageProductDependency;
			package = 3DB6A5732AE0BDF800C1369F /* XCRemoteSwiftPackageReference "firebase-ios-sdk" */;
			productName = "FirebaseAppDistribution-Beta";
		};
		3DB6A5802AE0BDF800C1369F /* FirebaseAuth */ = {
			isa = XCSwiftPackageProductDependency;
			package = 3DB6A5732AE0BDF800C1369F /* XCRemoteSwiftPackageReference "firebase-ios-sdk" */;
			productName = FirebaseAuth;
		};
		3DB6A5822AE0BDF800C1369F /* FirebaseAuthCombine-Community */ = {
			isa = XCSwiftPackageProductDependency;
			package = 3DB6A5732AE0BDF800C1369F /* XCRemoteSwiftPackageReference "firebase-ios-sdk" */;
			productName = "FirebaseAuthCombine-Community";
		};
		3DB6A5842AE0BDF800C1369F /* FirebaseCrashlytics */ = {
			isa = XCSwiftPackageProductDependency;
			package = 3DB6A5732AE0BDF800C1369F /* XCRemoteSwiftPackageReference "firebase-ios-sdk" */;
			productName = FirebaseCrashlytics;
		};
		3DB6A5862AE0BDF800C1369F /* FirebaseDatabase */ = {
			isa = XCSwiftPackageProductDependency;
			package = 3DB6A5732AE0BDF800C1369F /* XCRemoteSwiftPackageReference "firebase-ios-sdk" */;
			productName = FirebaseDatabase;
		};
		3DB6A5882AE0BDF800C1369F /* FirebaseDatabaseSwift */ = {
			isa = XCSwiftPackageProductDependency;
			package = 3DB6A5732AE0BDF800C1369F /* XCRemoteSwiftPackageReference "firebase-ios-sdk" */;
			productName = FirebaseDatabaseSwift;
		};
		3DB6A58A2AE0BDF800C1369F /* FirebaseDynamicLinks */ = {
			isa = XCSwiftPackageProductDependency;
			package = 3DB6A5732AE0BDF800C1369F /* XCRemoteSwiftPackageReference "firebase-ios-sdk" */;
			productName = FirebaseDynamicLinks;
		};
		3DB6A58C2AE0BDF800C1369F /* FirebaseFirestore */ = {
			isa = XCSwiftPackageProductDependency;
			package = 3DB6A5732AE0BDF800C1369F /* XCRemoteSwiftPackageReference "firebase-ios-sdk" */;
			productName = FirebaseFirestore;
		};
		3DB6A58E2AE0BDF800C1369F /* FirebaseFirestoreCombine-Community */ = {
			isa = XCSwiftPackageProductDependency;
			package = 3DB6A5732AE0BDF800C1369F /* XCRemoteSwiftPackageReference "firebase-ios-sdk" */;
			productName = "FirebaseFirestoreCombine-Community";
		};
		3DB6A5902AE0BDF800C1369F /* FirebaseFirestoreSwift */ = {
			isa = XCSwiftPackageProductDependency;
			package = 3DB6A5732AE0BDF800C1369F /* XCRemoteSwiftPackageReference "firebase-ios-sdk" */;
			productName = FirebaseFirestoreSwift;
		};
		3DB6A5922AE0BDF800C1369F /* FirebaseFunctions */ = {
			isa = XCSwiftPackageProductDependency;
			package = 3DB6A5732AE0BDF800C1369F /* XCRemoteSwiftPackageReference "firebase-ios-sdk" */;
			productName = FirebaseFunctions;
		};
		3DB6A5942AE0BDF800C1369F /* FirebaseFunctionsCombine-Community */ = {
			isa = XCSwiftPackageProductDependency;
			package = 3DB6A5732AE0BDF800C1369F /* XCRemoteSwiftPackageReference "firebase-ios-sdk" */;
			productName = "FirebaseFunctionsCombine-Community";
		};
		3DB6A5962AE0BDF800C1369F /* FirebaseInAppMessaging-Beta */ = {
			isa = XCSwiftPackageProductDependency;
			package = 3DB6A5732AE0BDF800C1369F /* XCRemoteSwiftPackageReference "firebase-ios-sdk" */;
			productName = "FirebaseInAppMessaging-Beta";
		};
		3DB6A5982AE0BDF800C1369F /* FirebaseInAppMessagingSwift-Beta */ = {
			isa = XCSwiftPackageProductDependency;
			package = 3DB6A5732AE0BDF800C1369F /* XCRemoteSwiftPackageReference "firebase-ios-sdk" */;
			productName = "FirebaseInAppMessagingSwift-Beta";
		};
		3DB6A59A2AE0BDF800C1369F /* FirebaseInstallations */ = {
			isa = XCSwiftPackageProductDependency;
			package = 3DB6A5732AE0BDF800C1369F /* XCRemoteSwiftPackageReference "firebase-ios-sdk" */;
			productName = FirebaseInstallations;
		};
		3DB6A59C2AE0BDF800C1369F /* FirebaseMLModelDownloader */ = {
			isa = XCSwiftPackageProductDependency;
			package = 3DB6A5732AE0BDF800C1369F /* XCRemoteSwiftPackageReference "firebase-ios-sdk" */;
			productName = FirebaseMLModelDownloader;
		};
		3DB6A59E2AE0BDF800C1369F /* FirebaseMessaging */ = {
			isa = XCSwiftPackageProductDependency;
			package = 3DB6A5732AE0BDF800C1369F /* XCRemoteSwiftPackageReference "firebase-ios-sdk" */;
			productName = FirebaseMessaging;
		};
		3DB6A5A02AE0BDF800C1369F /* FirebasePerformance */ = {
			isa = XCSwiftPackageProductDependency;
			package = 3DB6A5732AE0BDF800C1369F /* XCRemoteSwiftPackageReference "firebase-ios-sdk" */;
			productName = FirebasePerformance;
		};
		3DB6A5A22AE0BDF800C1369F /* FirebaseRemoteConfig */ = {
			isa = XCSwiftPackageProductDependency;
			package = 3DB6A5732AE0BDF800C1369F /* XCRemoteSwiftPackageReference "firebase-ios-sdk" */;
			productName = FirebaseRemoteConfig;
		};
		3DB6A5A42AE0BDF800C1369F /* FirebaseRemoteConfigSwift */ = {
			isa = XCSwiftPackageProductDependency;
			package = 3DB6A5732AE0BDF800C1369F /* XCRemoteSwiftPackageReference "firebase-ios-sdk" */;
			productName = FirebaseRemoteConfigSwift;
		};
		3DB6A5A62AE0BDF800C1369F /* FirebaseStorage */ = {
			isa = XCSwiftPackageProductDependency;
			package = 3DB6A5732AE0BDF800C1369F /* XCRemoteSwiftPackageReference "firebase-ios-sdk" */;
			productName = FirebaseStorage;
		};
		3DB6A5A82AE0BDF800C1369F /* FirebaseStorageCombine-Community */ = {
			isa = XCSwiftPackageProductDependency;
			package = 3DB6A5732AE0BDF800C1369F /* XCRemoteSwiftPackageReference "firebase-ios-sdk" */;
			productName = "FirebaseStorageCombine-Community";
		};
		6024772B2B517D40005A5167 /* GoogleSignIn */ = {
			isa = XCSwiftPackageProductDependency;
			package = 6024772A2B517D40005A5167 /* XCRemoteSwiftPackageReference "GoogleSignIn-iOS" */;
			productName = GoogleSignIn;
		};
		6024772D2B517D40005A5167 /* GoogleSignInSwift */ = {
			isa = XCSwiftPackageProductDependency;
			package = 6024772A2B517D40005A5167 /* XCRemoteSwiftPackageReference "GoogleSignIn-iOS" */;
			productName = GoogleSignInSwift;
		};
		60EEC2EC2B1223B10049DAFD /* KakaoSDK */ = {
			isa = XCSwiftPackageProductDependency;
			package = 60EEC2EB2B1223B10049DAFD /* XCRemoteSwiftPackageReference "kakao-ios-sdk" */;
			productName = KakaoSDK;
		};
		60EEC2EE2B1223B10049DAFD /* KakaoSDKAuth */ = {
			isa = XCSwiftPackageProductDependency;
			package = 60EEC2EB2B1223B10049DAFD /* XCRemoteSwiftPackageReference "kakao-ios-sdk" */;
			productName = KakaoSDKAuth;
		};
		60EEC2F02B1223B10049DAFD /* KakaoSDKCert */ = {
			isa = XCSwiftPackageProductDependency;
			package = 60EEC2EB2B1223B10049DAFD /* XCRemoteSwiftPackageReference "kakao-ios-sdk" */;
			productName = KakaoSDKCert;
		};
		60EEC2F22B1223B10049DAFD /* KakaoSDKCertCore */ = {
			isa = XCSwiftPackageProductDependency;
			package = 60EEC2EB2B1223B10049DAFD /* XCRemoteSwiftPackageReference "kakao-ios-sdk" */;
			productName = KakaoSDKCertCore;
		};
		60EEC2F42B1223B10049DAFD /* KakaoSDKCommon */ = {
			isa = XCSwiftPackageProductDependency;
			package = 60EEC2EB2B1223B10049DAFD /* XCRemoteSwiftPackageReference "kakao-ios-sdk" */;
			productName = KakaoSDKCommon;
		};
		AE02ABEC2B0C8A08004648F9 /* FLAnimatedImage */ = {
			isa = XCSwiftPackageProductDependency;
			package = AE02ABEB2B0C8A08004648F9 /* XCRemoteSwiftPackageReference "FLAnimatedImage" */;
			productName = FLAnimatedImage;
		};
/* End XCSwiftPackageProductDependency section */
	};
	rootObject = AE7EE4D52AD6409000E0A573 /* Project object */;
}
